// !$*UTF8*$!
{
	archiveVersion = 1;
	classes = {
	};
	objectVersion = 77;
	objects = {

/* Begin PBXBuildFile section */
		587D3D4C2D40C1140034FA71 /* Test1ContentView.swift in Sources */ = {isa = PBXBuildFile; fileRef = 587D3D4B2D40C10E0034FA71 /* Test1ContentView.swift */; };
		587D3D4F2D40C4810034FA71 /* NotchlyShape.swift in Sources */ = {isa = PBXBuildFile; fileRef = 587D3D4E2D40C4750034FA71 /* NotchlyShape.swift */; };
		58A40DA82D094FDB002B5165 /* EventKit.framework in Frameworks */ = {isa = PBXBuildFile; fileRef = 58A40DA72D094FDB002B5165 /* EventKit.framework */; };
		58C2A71C2D3DAD0200764D80 /* Preview Assets.xcassets in Resources */ = {isa = PBXBuildFile; fileRef = 58C2A70F2D3DAD0200764D80 /* Preview Assets.xcassets */; };
		58C2A71D2D3DAD0200764D80 /* Assets.xcassets in Resources */ = {isa = PBXBuildFile; fileRef = 58C2A7112D3DAD0200764D80 /* Assets.xcassets */; };
		58C2A7262D3DAD0200764D80 /* NotchlyApp.swift in Sources */ = {isa = PBXBuildFile; fileRef = 58C2A71A2D3DAD0200764D80 /* NotchlyApp.swift */; };
		58C2A7382D3DAD6800764D80 /* CalendarManager.swift in Sources */ = {isa = PBXBuildFile; fileRef = 58C2A7362D3DAD6800764D80 /* CalendarManager.swift */; };
		58C2A7412D3DAD6E00764D80 /* CalendarEventCard.swift in Sources */ = {isa = PBXBuildFile; fileRef = 58C2A73C2D3DAD6E00764D80 /* CalendarEventCard.swift */; };
		58C97B7F2D45CCE4006FFC06 /* FigmaView.swift in Sources */ = {isa = PBXBuildFile; fileRef = 58C97B7E2D45CCE0006FFC06 /* FigmaView.swift */; };
		58C97B892D45F353006FFC06 /* Defaults in Frameworks */ = {isa = PBXBuildFile; productRef = 58C97B882D45F353006FFC06 /* Defaults */; };
		58C97B8B2D45F353006FFC06 /* DefaultsMacros in Frameworks */ = {isa = PBXBuildFile; productRef = 58C97B8A2D45F353006FFC06 /* DefaultsMacros */; };
		58C97B8E2D45F3D2006FFC06 /* BitCollections in Frameworks */ = {isa = PBXBuildFile; productRef = 58C97B8D2D45F3D2006FFC06 /* BitCollections */; };
		58C97B902D45F3D2006FFC06 /* Collections in Frameworks */ = {isa = PBXBuildFile; productRef = 58C97B8F2D45F3D2006FFC06 /* Collections */; };
		58C97B922D45F3D2006FFC06 /* DequeModule in Frameworks */ = {isa = PBXBuildFile; productRef = 58C97B912D45F3D2006FFC06 /* DequeModule */; };
		58C97B942D45F3D2006FFC06 /* HashTreeCollections in Frameworks */ = {isa = PBXBuildFile; productRef = 58C97B932D45F3D2006FFC06 /* HashTreeCollections */; };
		58C97B962D45F3D2006FFC06 /* HeapModule in Frameworks */ = {isa = PBXBuildFile; productRef = 58C97B952D45F3D2006FFC06 /* HeapModule */; };
		58C97B9B2D47087C006FFC06 /* DefaultKeys.swift in Sources */ = {isa = PBXBuildFile; fileRef = 58C97B9A2D470873006FFC06 /* DefaultKeys.swift */; };
		58C97BCA2D487E98006FFC06 /* Notchly.swift in Sources */ = {isa = PBXBuildFile; fileRef = 58C97BC92D487E94006FFC06 /* Notchly.swift */; };
		58C97BCE2D48800D006FFC06 /* NotchlyView.swift in Sources */ = {isa = PBXBuildFile; fileRef = 58C97BCD2D488008006FFC06 /* NotchlyView.swift */; };
		58C97BD42D48813E006FFC06 /* NotchlyWindowPanel.swift in Sources */ = {isa = PBXBuildFile; fileRef = 58C97BD32D488138006FFC06 /* NotchlyWindowPanel.swift */; };
		58C97BD62D4881FE006FFC06 /* BlurAnimation.swift in Sources */ = {isa = PBXBuildFile; fileRef = 58C97BD52D4881F9006FFC06 /* BlurAnimation.swift */; };
		58C97BF72D4A0D87006FFC06 /* NotchlyConfigurations.swift in Sources */ = {isa = PBXBuildFile; fileRef = 58C97BF62D4A0D81006FFC06 /* NotchlyConfigurations.swift */; };
		58C97BFB2D4B3512006FFC06 /* NotchlyCalendarView.swift in Sources */ = {isa = PBXBuildFile; fileRef = 58C97BFA2D4B350D006FFC06 /* NotchlyCalendarView.swift */; };
/* End PBXBuildFile section */

/* Begin PBXContainerItemProxy section */
		58A40D782D094925002B5165 /* PBXContainerItemProxy */ = {
			isa = PBXContainerItemProxy;
			containerPortal = 58A40D5E2D094923002B5165 /* Project object */;
			proxyType = 1;
			remoteGlobalIDString = 58A40D652D094923002B5165;
			remoteInfo = Notchly;
		};
		58A40D822D094925002B5165 /* PBXContainerItemProxy */ = {
			isa = PBXContainerItemProxy;
			containerPortal = 58A40D5E2D094923002B5165 /* Project object */;
			proxyType = 1;
			remoteGlobalIDString = 58A40D652D094923002B5165;
			remoteInfo = Notchly;
		};
/* End PBXContainerItemProxy section */

/* Begin PBXFileReference section */
		587D3D4B2D40C10E0034FA71 /* Test1ContentView.swift */ = {isa = PBXFileReference; lastKnownFileType = sourcecode.swift; path = Test1ContentView.swift; sourceTree = "<group>"; };
		587D3D4E2D40C4750034FA71 /* NotchlyShape.swift */ = {isa = PBXFileReference; lastKnownFileType = sourcecode.swift; path = NotchlyShape.swift; sourceTree = "<group>"; };
		58A40D662D094923002B5165 /* Notchly.app */ = {isa = PBXFileReference; explicitFileType = wrapper.application; includeInIndex = 0; path = Notchly.app; sourceTree = BUILT_PRODUCTS_DIR; };
		58A40D772D094925002B5165 /* NotchlyTests.xctest */ = {isa = PBXFileReference; explicitFileType = wrapper.cfbundle; includeInIndex = 0; path = NotchlyTests.xctest; sourceTree = BUILT_PRODUCTS_DIR; };
		58A40D812D094925002B5165 /* NotchlyUITests.xctest */ = {isa = PBXFileReference; explicitFileType = wrapper.cfbundle; includeInIndex = 0; path = NotchlyUITests.xctest; sourceTree = BUILT_PRODUCTS_DIR; };
		58A40DA72D094FDB002B5165 /* EventKit.framework */ = {isa = PBXFileReference; lastKnownFileType = wrapper.framework; name = EventKit.framework; path = System/Library/Frameworks/EventKit.framework; sourceTree = SDKROOT; };
		58C2A70F2D3DAD0200764D80 /* Preview Assets.xcassets */ = {isa = PBXFileReference; lastKnownFileType = folder.assetcatalog; path = "Preview Assets.xcassets"; sourceTree = "<group>"; };
		58C2A7112D3DAD0200764D80 /* Assets.xcassets */ = {isa = PBXFileReference; lastKnownFileType = folder.assetcatalog; path = Assets.xcassets; sourceTree = "<group>"; };
		58C2A7182D3DAD0200764D80 /* Info.plist */ = {isa = PBXFileReference; lastKnownFileType = text.plist.xml; path = Info.plist; sourceTree = "<group>"; };
		58C2A7192D3DAD0200764D80 /* Notchly.entitlements */ = {isa = PBXFileReference; lastKnownFileType = text.plist.entitlements; path = Notchly.entitlements; sourceTree = "<group>"; };
		58C2A71A2D3DAD0200764D80 /* NotchlyApp.swift */ = {isa = PBXFileReference; lastKnownFileType = sourcecode.swift; path = NotchlyApp.swift; sourceTree = "<group>"; };
		58C2A7362D3DAD6800764D80 /* CalendarManager.swift */ = {isa = PBXFileReference; lastKnownFileType = sourcecode.swift; path = CalendarManager.swift; sourceTree = "<group>"; };
		58C2A73C2D3DAD6E00764D80 /* CalendarEventCard.swift */ = {isa = PBXFileReference; lastKnownFileType = sourcecode.swift; path = CalendarEventCard.swift; sourceTree = "<group>"; };
		58C97B7E2D45CCE0006FFC06 /* FigmaView.swift */ = {isa = PBXFileReference; lastKnownFileType = sourcecode.swift; path = FigmaView.swift; sourceTree = "<group>"; };
		58C97B9A2D470873006FFC06 /* DefaultKeys.swift */ = {isa = PBXFileReference; lastKnownFileType = sourcecode.swift; path = DefaultKeys.swift; sourceTree = "<group>"; };
		58C97BC92D487E94006FFC06 /* Notchly.swift */ = {isa = PBXFileReference; lastKnownFileType = sourcecode.swift; path = Notchly.swift; sourceTree = "<group>"; };
		58C97BCD2D488008006FFC06 /* NotchlyView.swift */ = {isa = PBXFileReference; lastKnownFileType = sourcecode.swift; path = NotchlyView.swift; sourceTree = "<group>"; };
		58C97BD32D488138006FFC06 /* NotchlyWindowPanel.swift */ = {isa = PBXFileReference; lastKnownFileType = sourcecode.swift; path = NotchlyWindowPanel.swift; sourceTree = "<group>"; };
		58C97BD52D4881F9006FFC06 /* BlurAnimation.swift */ = {isa = PBXFileReference; lastKnownFileType = sourcecode.swift; path = BlurAnimation.swift; sourceTree = "<group>"; };
		58C97BF62D4A0D81006FFC06 /* NotchlyConfigurations.swift */ = {isa = PBXFileReference; lastKnownFileType = sourcecode.swift; path = NotchlyConfigurations.swift; sourceTree = "<group>"; };
		58C97BFA2D4B350D006FFC06 /* NotchlyCalendarView.swift */ = {isa = PBXFileReference; lastKnownFileType = sourcecode.swift; path = NotchlyCalendarView.swift; sourceTree = "<group>"; };
/* End PBXFileReference section */

/* Begin PBXFileSystemSynchronizedRootGroup section */
		58A40D7A2D094925002B5165 /* NotchlyTests */ = {
			isa = PBXFileSystemSynchronizedRootGroup;
			path = NotchlyTests;
			sourceTree = "<group>";
		};
		58A40D842D094925002B5165 /* NotchlyUITests */ = {
			isa = PBXFileSystemSynchronizedRootGroup;
			path = NotchlyUITests;
			sourceTree = "<group>";
		};
/* End PBXFileSystemSynchronizedRootGroup section */

/* Begin PBXFrameworksBuildPhase section */
		58A40D632D094923002B5165 /* Frameworks */ = {
			isa = PBXFrameworksBuildPhase;
			buildActionMask = 2147483647;
			files = (
				58C97B8E2D45F3D2006FFC06 /* BitCollections in Frameworks */,
				58C97B8B2D45F353006FFC06 /* DefaultsMacros in Frameworks */,
				58C97B902D45F3D2006FFC06 /* Collections in Frameworks */,
				58C97B942D45F3D2006FFC06 /* HashTreeCollections in Frameworks */,
				58C97B892D45F353006FFC06 /* Defaults in Frameworks */,
				58A40DA82D094FDB002B5165 /* EventKit.framework in Frameworks */,
				58C97B962D45F3D2006FFC06 /* HeapModule in Frameworks */,
				58C97B922D45F3D2006FFC06 /* DequeModule in Frameworks */,
			);
			runOnlyForDeploymentPostprocessing = 0;
		};
		58A40D742D094925002B5165 /* Frameworks */ = {
			isa = PBXFrameworksBuildPhase;
			buildActionMask = 2147483647;
			files = (
			);
			runOnlyForDeploymentPostprocessing = 0;
		};
		58A40D7E2D094925002B5165 /* Frameworks */ = {
			isa = PBXFrameworksBuildPhase;
			buildActionMask = 2147483647;
			files = (
			);
			runOnlyForDeploymentPostprocessing = 0;
		};
/* End PBXFrameworksBuildPhase section */

/* Begin PBXGroup section */
		58A40D5D2D094923002B5165 = {
			isa = PBXGroup;
			children = (
				58A40DA62D094FDB002B5165 /* Frameworks */,
				58C2A71B2D3DAD0200764D80 /* Notchly */,
				58A40D7A2D094925002B5165 /* NotchlyTests */,
				58A40D842D094925002B5165 /* NotchlyUITests */,
				58A40D672D094923002B5165 /* Products */,
			);
			sourceTree = "<group>";
		};
		58A40D672D094923002B5165 /* Products */ = {
			isa = PBXGroup;
			children = (
				58A40D662D094923002B5165 /* Notchly.app */,
				58A40D772D094925002B5165 /* NotchlyTests.xctest */,
				58A40D812D094925002B5165 /* NotchlyUITests.xctest */,
			);
			name = Products;
			sourceTree = "<group>";
		};
		58A40DA62D094FDB002B5165 /* Frameworks */ = {
			isa = PBXGroup;
			children = (
				58A40DA72D094FDB002B5165 /* EventKit.framework */,
			);
			name = Frameworks;
			sourceTree = "<group>";
		};
		58C2A7102D3DAD0200764D80 /* Preview Content */ = {
			isa = PBXGroup;
			children = (
				58C2A70F2D3DAD0200764D80 /* Preview Assets.xcassets */,
			);
			path = "Preview Content";
			sourceTree = "<group>";
		};
		58C2A7122D3DAD0200764D80 /* Resources */ = {
			isa = PBXGroup;
			children = (
				58C2A7112D3DAD0200764D80 /* Assets.xcassets */,
			);
			path = Resources;
			sourceTree = "<group>";
		};
		58C2A71B2D3DAD0200764D80 /* Notchly */ = {
			isa = PBXGroup;
			children = (
				58C2A71A2D3DAD0200764D80 /* NotchlyApp.swift */,
				58C97BED2D49ACC3006FFC06 /* Core */,
				58C97BEC2D49ACBC006FFC06 /* UI */,
				58C97BEF2D49ACD0006FFC06 /* Helpers */,
				58C2A7122D3DAD0200764D80 /* Resources */,
				58C97BF02D49ACDA006FFC06 /* Testing */,
				58C97BF12D49AD4E006FFC06 /* Xcode Stuff */,
			);
			path = Notchly;
			sourceTree = "<group>";
		};
		58C97B812D45E9EB006FFC06 /* Figma Files */ = {
			isa = PBXGroup;
			children = (
				58C97B7E2D45CCE0006FFC06 /* FigmaView.swift */,
				587D3D4B2D40C10E0034FA71 /* Test1ContentView.swift */,
			);
			path = "Figma Files";
			sourceTree = "<group>";
		};
		58C97BEC2D49ACBC006FFC06 /* UI */ = {
			isa = PBXGroup;
			children = (
				58C97BF32D49B148006FFC06 /* Calendar */,
				58C97BF22D49B126006FFC06 /* Notchly */,
			);
			path = UI;
			sourceTree = "<group>";
		};
		58C97BED2D49ACC3006FFC06 /* Core */ = {
			isa = PBXGroup;
			children = (
				58C2A7362D3DAD6800764D80 /* CalendarManager.swift */,
				58C97B9A2D470873006FFC06 /* DefaultKeys.swift */,
				58C97BC92D487E94006FFC06 /* Notchly.swift */,
			);
			path = Core;
			sourceTree = "<group>";
		};
		58C97BEF2D49ACD0006FFC06 /* Helpers */ = {
			isa = PBXGroup;
			children = (
				58C97BD52D4881F9006FFC06 /* BlurAnimation.swift */,
			);
			path = Helpers;
			sourceTree = "<group>";
		};
		58C97BF02D49ACDA006FFC06 /* Testing */ = {
			isa = PBXGroup;
			children = (
				58C97B812D45E9EB006FFC06 /* Figma Files */,
			);
			path = Testing;
			sourceTree = "<group>";
		};
		58C97BF12D49AD4E006FFC06 /* Xcode Stuff */ = {
			isa = PBXGroup;
			children = (
				58C2A7192D3DAD0200764D80 /* Notchly.entitlements */,
				58C2A7182D3DAD0200764D80 /* Info.plist */,
				58C2A7102D3DAD0200764D80 /* Preview Content */,
			);
			path = "Xcode Stuff";
			sourceTree = "<group>";
		};
		58C97BF22D49B126006FFC06 /* Notchly */ = {
			isa = PBXGroup;
			children = (
				58C97BF62D4A0D81006FFC06 /* NotchlyConfigurations.swift */,
				587D3D4E2D40C4750034FA71 /* NotchlyShape.swift */,
				58C97BCD2D488008006FFC06 /* NotchlyView.swift */,
				58C97BD32D488138006FFC06 /* NotchlyWindowPanel.swift */,
			);
			path = Notchly;
			sourceTree = "<group>";
		};
		58C97BF32D49B148006FFC06 /* Calendar */ = {
			isa = PBXGroup;
			children = (
				58C97BFA2D4B350D006FFC06 /* NotchlyCalendarView.swift */,
				58C2A73C2D3DAD6E00764D80 /* CalendarEventCard.swift */,
			);
			path = Calendar;
			sourceTree = "<group>";
		};
/* End PBXGroup section */

/* Begin PBXNativeTarget section */
		58A40D652D094923002B5165 /* Notchly */ = {
			isa = PBXNativeTarget;
			buildConfigurationList = 58A40D8B2D094925002B5165 /* Build configuration list for PBXNativeTarget "Notchly" */;
			buildPhases = (
				58A40D622D094923002B5165 /* Sources */,
				58A40D632D094923002B5165 /* Frameworks */,
				58A40D642D094923002B5165 /* Resources */,
			);
			buildRules = (
			);
			dependencies = (
			);
			name = Notchly;
			packageProductDependencies = (
				58C97B882D45F353006FFC06 /* Defaults */,
				58C97B8A2D45F353006FFC06 /* DefaultsMacros */,
				58C97B8D2D45F3D2006FFC06 /* BitCollections */,
				58C97B8F2D45F3D2006FFC06 /* Collections */,
				58C97B912D45F3D2006FFC06 /* DequeModule */,
				58C97B932D45F3D2006FFC06 /* HashTreeCollections */,
				58C97B952D45F3D2006FFC06 /* HeapModule */,
			);
			productName = Notchly;
			productReference = 58A40D662D094923002B5165 /* Notchly.app */;
			productType = "com.apple.product-type.application";
		};
		58A40D762D094925002B5165 /* NotchlyTests */ = {
			isa = PBXNativeTarget;
			buildConfigurationList = 58A40D8E2D094925002B5165 /* Build configuration list for PBXNativeTarget "NotchlyTests" */;
			buildPhases = (
				58A40D732D094925002B5165 /* Sources */,
				58A40D742D094925002B5165 /* Frameworks */,
				58A40D752D094925002B5165 /* Resources */,
			);
			buildRules = (
			);
			dependencies = (
				58A40D792D094925002B5165 /* PBXTargetDependency */,
			);
			fileSystemSynchronizedGroups = (
				58A40D7A2D094925002B5165 /* NotchlyTests */,
			);
			name = NotchlyTests;
			packageProductDependencies = (
			);
			productName = NotchlyTests;
			productReference = 58A40D772D094925002B5165 /* NotchlyTests.xctest */;
			productType = "com.apple.product-type.bundle.unit-test";
		};
		58A40D802D094925002B5165 /* NotchlyUITests */ = {
			isa = PBXNativeTarget;
			buildConfigurationList = 58A40D912D094925002B5165 /* Build configuration list for PBXNativeTarget "NotchlyUITests" */;
			buildPhases = (
				58A40D7D2D094925002B5165 /* Sources */,
				58A40D7E2D094925002B5165 /* Frameworks */,
				58A40D7F2D094925002B5165 /* Resources */,
			);
			buildRules = (
			);
			dependencies = (
				58A40D832D094925002B5165 /* PBXTargetDependency */,
			);
			fileSystemSynchronizedGroups = (
				58A40D842D094925002B5165 /* NotchlyUITests */,
			);
			name = NotchlyUITests;
			packageProductDependencies = (
			);
			productName = NotchlyUITests;
			productReference = 58A40D812D094925002B5165 /* NotchlyUITests.xctest */;
			productType = "com.apple.product-type.bundle.ui-testing";
		};
/* End PBXNativeTarget section */

/* Begin PBXProject section */
		58A40D5E2D094923002B5165 /* Project object */ = {
			isa = PBXProject;
			attributes = {
				BuildIndependentTargetsInParallel = 1;
				LastSwiftUpdateCheck = 1620;
				LastUpgradeCheck = 1620;
				TargetAttributes = {
					58A40D652D094923002B5165 = {
						CreatedOnToolsVersion = 16.2;
					};
					58A40D762D094925002B5165 = {
						CreatedOnToolsVersion = 16.2;
						TestTargetID = 58A40D652D094923002B5165;
					};
					58A40D802D094925002B5165 = {
						CreatedOnToolsVersion = 16.2;
						TestTargetID = 58A40D652D094923002B5165;
					};
				};
			};
			buildConfigurationList = 58A40D612D094923002B5165 /* Build configuration list for PBXProject "Notchly" */;
			developmentRegion = en;
			hasScannedForEncodings = 0;
			knownRegions = (
				en,
				Base,
			);
			mainGroup = 58A40D5D2D094923002B5165;
			minimizedProjectReferenceProxies = 1;
			packageReferences = (
				58C97B872D45F353006FFC06 /* XCLocalSwiftPackageReference "../Defaults" */,
				58C97B8C2D45F3D2006FFC06 /* XCRemoteSwiftPackageReference "swift-collections" */,
			);
			preferredProjectObjectVersion = 77;
			productRefGroup = 58A40D672D094923002B5165 /* Products */;
			projectDirPath = "";
			projectRoot = "";
			targets = (
				58A40D652D094923002B5165 /* Notchly */,
				58A40D762D094925002B5165 /* NotchlyTests */,
				58A40D802D094925002B5165 /* NotchlyUITests */,
			);
		};
/* End PBXProject section */

/* Begin PBXResourcesBuildPhase section */
		58A40D642D094923002B5165 /* Resources */ = {
			isa = PBXResourcesBuildPhase;
			buildActionMask = 2147483647;
			files = (
				58C2A71C2D3DAD0200764D80 /* Preview Assets.xcassets in Resources */,
				58C2A71D2D3DAD0200764D80 /* Assets.xcassets in Resources */,
			);
			runOnlyForDeploymentPostprocessing = 0;
		};
		58A40D752D094925002B5165 /* Resources */ = {
			isa = PBXResourcesBuildPhase;
			buildActionMask = 2147483647;
			files = (
			);
			runOnlyForDeploymentPostprocessing = 0;
		};
		58A40D7F2D094925002B5165 /* Resources */ = {
			isa = PBXResourcesBuildPhase;
			buildActionMask = 2147483647;
			files = (
			);
			runOnlyForDeploymentPostprocessing = 0;
		};
/* End PBXResourcesBuildPhase section */

/* Begin PBXSourcesBuildPhase section */
		58A40D622D094923002B5165 /* Sources */ = {
			isa = PBXSourcesBuildPhase;
			buildActionMask = 2147483647;
			files = (
				58C97BCA2D487E98006FFC06 /* Notchly.swift in Sources */,
				587D3D4C2D40C1140034FA71 /* Test1ContentView.swift in Sources */,
				58C2A7412D3DAD6E00764D80 /* CalendarEventCard.swift in Sources */,
				58C97BF72D4A0D87006FFC06 /* NotchlyConfigurations.swift in Sources */,
				58C97BD62D4881FE006FFC06 /* BlurAnimation.swift in Sources */,
				58C97BCE2D48800D006FFC06 /* NotchlyView.swift in Sources */,
				58C97B7F2D45CCE4006FFC06 /* FigmaView.swift in Sources */,
				58C2A7382D3DAD6800764D80 /* CalendarManager.swift in Sources */,
				58C97BFB2D4B3512006FFC06 /* NotchlyCalendarView.swift in Sources */,
				58C97B9B2D47087C006FFC06 /* DefaultKeys.swift in Sources */,
				587D3D4F2D40C4810034FA71 /* NotchlyShape.swift in Sources */,
				58C97BD42D48813E006FFC06 /* NotchlyWindowPanel.swift in Sources */,
				58C2A7262D3DAD0200764D80 /* NotchlyApp.swift in Sources */,
			);
			runOnlyForDeploymentPostprocessing = 0;
		};
		58A40D732D094925002B5165 /* Sources */ = {
			isa = PBXSourcesBuildPhase;
			buildActionMask = 2147483647;
			files = (
			);
			runOnlyForDeploymentPostprocessing = 0;
		};
		58A40D7D2D094925002B5165 /* Sources */ = {
			isa = PBXSourcesBuildPhase;
			buildActionMask = 2147483647;
			files = (
			);
			runOnlyForDeploymentPostprocessing = 0;
		};
/* End PBXSourcesBuildPhase section */

/* Begin PBXTargetDependency section */
		58A40D792D094925002B5165 /* PBXTargetDependency */ = {
			isa = PBXTargetDependency;
			target = 58A40D652D094923002B5165 /* Notchly */;
			targetProxy = 58A40D782D094925002B5165 /* PBXContainerItemProxy */;
		};
		58A40D832D094925002B5165 /* PBXTargetDependency */ = {
			isa = PBXTargetDependency;
			target = 58A40D652D094923002B5165 /* Notchly */;
			targetProxy = 58A40D822D094925002B5165 /* PBXContainerItemProxy */;
		};
/* End PBXTargetDependency section */

/* Begin XCBuildConfiguration section */
		58A40D892D094925002B5165 /* Debug */ = {
			isa = XCBuildConfiguration;
			buildSettings = {
				ALWAYS_SEARCH_USER_PATHS = NO;
				ASSETCATALOG_COMPILER_GENERATE_SWIFT_ASSET_SYMBOL_EXTENSIONS = YES;
				CLANG_ANALYZER_NONNULL = YES;
				CLANG_ANALYZER_NUMBER_OBJECT_CONVERSION = YES_AGGRESSIVE;
				CLANG_CXX_LANGUAGE_STANDARD = "gnu++20";
				CLANG_ENABLE_MODULES = YES;
				CLANG_ENABLE_OBJC_ARC = YES;
				CLANG_ENABLE_OBJC_WEAK = YES;
				CLANG_WARN_BLOCK_CAPTURE_AUTORELEASING = YES;
				CLANG_WARN_BOOL_CONVERSION = YES;
				CLANG_WARN_COMMA = YES;
				CLANG_WARN_CONSTANT_CONVERSION = YES;
				CLANG_WARN_DEPRECATED_OBJC_IMPLEMENTATIONS = YES;
				CLANG_WARN_DIRECT_OBJC_ISA_USAGE = YES_ERROR;
				CLANG_WARN_DOCUMENTATION_COMMENTS = YES;
				CLANG_WARN_EMPTY_BODY = YES;
				CLANG_WARN_ENUM_CONVERSION = YES;
				CLANG_WARN_INFINITE_RECURSION = YES;
				CLANG_WARN_INT_CONVERSION = YES;
				CLANG_WARN_NON_LITERAL_NULL_CONVERSION = YES;
				CLANG_WARN_OBJC_IMPLICIT_RETAIN_SELF = YES;
				CLANG_WARN_OBJC_LITERAL_CONVERSION = YES;
				CLANG_WARN_OBJC_ROOT_CLASS = YES_ERROR;
				CLANG_WARN_QUOTED_INCLUDE_IN_FRAMEWORK_HEADER = YES;
				CLANG_WARN_RANGE_LOOP_ANALYSIS = YES;
				CLANG_WARN_STRICT_PROTOTYPES = YES;
				CLANG_WARN_SUSPICIOUS_MOVE = YES;
				CLANG_WARN_UNGUARDED_AVAILABILITY = YES_AGGRESSIVE;
				CLANG_WARN_UNREACHABLE_CODE = YES;
				CLANG_WARN__DUPLICATE_METHOD_MATCH = YES;
				COPY_PHASE_STRIP = NO;
				DEBUG_INFORMATION_FORMAT = dwarf;
				ENABLE_STRICT_OBJC_MSGSEND = YES;
				ENABLE_TESTABILITY = YES;
				ENABLE_USER_SCRIPT_SANDBOXING = YES;
				GCC_C_LANGUAGE_STANDARD = gnu17;
				GCC_DYNAMIC_NO_PIC = NO;
				GCC_NO_COMMON_BLOCKS = YES;
				GCC_OPTIMIZATION_LEVEL = 0;
				GCC_PREPROCESSOR_DEFINITIONS = (
					"DEBUG=1",
					"$(inherited)",
				);
				GCC_WARN_64_TO_32_BIT_CONVERSION = YES;
				GCC_WARN_ABOUT_RETURN_TYPE = YES_ERROR;
				GCC_WARN_UNDECLARED_SELECTOR = YES;
				GCC_WARN_UNINITIALIZED_AUTOS = YES_AGGRESSIVE;
				GCC_WARN_UNUSED_FUNCTION = YES;
				GCC_WARN_UNUSED_VARIABLE = YES;
				LOCALIZATION_PREFERS_STRING_CATALOGS = YES;
				MACOSX_DEPLOYMENT_TARGET = 15.3;
				MTL_ENABLE_DEBUG_INFO = INCLUDE_SOURCE;
				MTL_FAST_MATH = YES;
				ONLY_ACTIVE_ARCH = YES;
				SDKROOT = macosx;
				SWIFT_ACTIVE_COMPILATION_CONDITIONS = "DEBUG $(inherited)";
				SWIFT_OPTIMIZATION_LEVEL = "-Onone";
			};
			name = Debug;
		};
		58A40D8A2D094925002B5165 /* Release */ = {
			isa = XCBuildConfiguration;
			buildSettings = {
				ALWAYS_SEARCH_USER_PATHS = NO;
				ASSETCATALOG_COMPILER_GENERATE_SWIFT_ASSET_SYMBOL_EXTENSIONS = YES;
				CLANG_ANALYZER_NONNULL = YES;
				CLANG_ANALYZER_NUMBER_OBJECT_CONVERSION = YES_AGGRESSIVE;
				CLANG_CXX_LANGUAGE_STANDARD = "gnu++20";
				CLANG_ENABLE_MODULES = YES;
				CLANG_ENABLE_OBJC_ARC = YES;
				CLANG_ENABLE_OBJC_WEAK = YES;
				CLANG_WARN_BLOCK_CAPTURE_AUTORELEASING = YES;
				CLANG_WARN_BOOL_CONVERSION = YES;
				CLANG_WARN_COMMA = YES;
				CLANG_WARN_CONSTANT_CONVERSION = YES;
				CLANG_WARN_DEPRECATED_OBJC_IMPLEMENTATIONS = YES;
				CLANG_WARN_DIRECT_OBJC_ISA_USAGE = YES_ERROR;
				CLANG_WARN_DOCUMENTATION_COMMENTS = YES;
				CLANG_WARN_EMPTY_BODY = YES;
				CLANG_WARN_ENUM_CONVERSION = YES;
				CLANG_WARN_INFINITE_RECURSION = YES;
				CLANG_WARN_INT_CONVERSION = YES;
				CLANG_WARN_NON_LITERAL_NULL_CONVERSION = YES;
				CLANG_WARN_OBJC_IMPLICIT_RETAIN_SELF = YES;
				CLANG_WARN_OBJC_LITERAL_CONVERSION = YES;
				CLANG_WARN_OBJC_ROOT_CLASS = YES_ERROR;
				CLANG_WARN_QUOTED_INCLUDE_IN_FRAMEWORK_HEADER = YES;
				CLANG_WARN_RANGE_LOOP_ANALYSIS = YES;
				CLANG_WARN_STRICT_PROTOTYPES = YES;
				CLANG_WARN_SUSPICIOUS_MOVE = YES;
				CLANG_WARN_UNGUARDED_AVAILABILITY = YES_AGGRESSIVE;
				CLANG_WARN_UNREACHABLE_CODE = YES;
				CLANG_WARN__DUPLICATE_METHOD_MATCH = YES;
				COPY_PHASE_STRIP = NO;
				DEBUG_INFORMATION_FORMAT = "dwarf-with-dsym";
				ENABLE_NS_ASSERTIONS = NO;
				ENABLE_STRICT_OBJC_MSGSEND = YES;
				ENABLE_USER_SCRIPT_SANDBOXING = YES;
				GCC_C_LANGUAGE_STANDARD = gnu17;
				GCC_NO_COMMON_BLOCKS = YES;
				GCC_WARN_64_TO_32_BIT_CONVERSION = YES;
				GCC_WARN_ABOUT_RETURN_TYPE = YES_ERROR;
				GCC_WARN_UNDECLARED_SELECTOR = YES;
				GCC_WARN_UNINITIALIZED_AUTOS = YES_AGGRESSIVE;
				GCC_WARN_UNUSED_FUNCTION = YES;
				GCC_WARN_UNUSED_VARIABLE = YES;
				LOCALIZATION_PREFERS_STRING_CATALOGS = YES;
				MACOSX_DEPLOYMENT_TARGET = 15.3;
				MTL_ENABLE_DEBUG_INFO = NO;
				MTL_FAST_MATH = YES;
				SDKROOT = macosx;
				SWIFT_COMPILATION_MODE = wholemodule;
			};
			name = Release;
		};
		58A40D8C2D094925002B5165 /* Debug */ = {
			isa = XCBuildConfiguration;
			buildSettings = {
				ASSETCATALOG_COMPILER_APPICON_NAME = AppIcon;
				ASSETCATALOG_COMPILER_GLOBAL_ACCENT_COLOR_NAME = AccentColor;
				CODE_SIGN_ENTITLEMENTS = "Notchly/Xcode Stuff/Notchly.entitlements";
				CODE_SIGN_STYLE = Automatic;
				COMBINE_HIDPI_IMAGES = YES;
				CURRENT_PROJECT_VERSION = 1;
				DEVELOPMENT_ASSET_PATHS = "\"Notchly/Xcode Stuff/Preview Content\"";
				DEVELOPMENT_TEAM = "";
				ENABLE_HARDENED_RUNTIME = YES;
				ENABLE_PREVIEWS = YES;
				GENERATE_INFOPLIST_FILE = YES;
				INFOPLIST_FILE = "Notchly/Xcode Stuff/Info.plist";
				INFOPLIST_KEY_NSHumanReadableCopyright = "";
				LD_RUNPATH_SEARCH_PATHS = (
					"$(inherited)",
					"@executable_path/../Frameworks",
				);
				MACOSX_DEPLOYMENT_TARGET = 15.0;
				MARKETING_VERSION = 1.0;
				PRODUCT_BUNDLE_IDENTIFIER = com.apple.Notchly;
				PRODUCT_NAME = "$(TARGET_NAME)";
				SWIFT_EMIT_LOC_STRINGS = YES;
				SWIFT_VERSION = 5.0;
			};
			name = Debug;
		};
		58A40D8D2D094925002B5165 /* Release */ = {
			isa = XCBuildConfiguration;
			buildSettings = {
				ASSETCATALOG_COMPILER_APPICON_NAME = AppIcon;
				ASSETCATALOG_COMPILER_GLOBAL_ACCENT_COLOR_NAME = AccentColor;
				CODE_SIGN_ENTITLEMENTS = "Notchly/Xcode Stuff/Notchly.entitlements";
				CODE_SIGN_STYLE = Automatic;
				COMBINE_HIDPI_IMAGES = YES;
				CURRENT_PROJECT_VERSION = 1;
				DEVELOPMENT_ASSET_PATHS = "\"Notchly/Xcode Stuff/Preview Content\"";
				DEVELOPMENT_TEAM = "";
				ENABLE_HARDENED_RUNTIME = YES;
				ENABLE_PREVIEWS = YES;
				GENERATE_INFOPLIST_FILE = YES;
				INFOPLIST_FILE = "Notchly/Xcode Stuff/Info.plist";
				INFOPLIST_KEY_NSHumanReadableCopyright = "";
				LD_RUNPATH_SEARCH_PATHS = (
					"$(inherited)",
					"@executable_path/../Frameworks",
				);
				MACOSX_DEPLOYMENT_TARGET = 15.0;
				MARKETING_VERSION = 1.0;
				PRODUCT_BUNDLE_IDENTIFIER = com.apple.Notchly;
				PRODUCT_NAME = "$(TARGET_NAME)";
				SWIFT_EMIT_LOC_STRINGS = YES;
				SWIFT_VERSION = 5.0;
			};
			name = Release;
		};
		58A40D8F2D094925002B5165 /* Debug */ = {
			isa = XCBuildConfiguration;
			buildSettings = {
				BUNDLE_LOADER = "$(TEST_HOST)";
				CODE_SIGN_STYLE = Automatic;
				CURRENT_PROJECT_VERSION = 1;
				DEVELOPMENT_TEAM = KSV8764PQK;
				GENERATE_INFOPLIST_FILE = YES;
				MACOSX_DEPLOYMENT_TARGET = 15.3;
				MARKETING_VERSION = 1.0;
				PRODUCT_BUNDLE_IDENTIFIER = com.apple.NotchlyTests;
				PRODUCT_NAME = "$(TARGET_NAME)";
				SWIFT_EMIT_LOC_STRINGS = NO;
				SWIFT_VERSION = 5.0;
				TEST_HOST = "$(BUILT_PRODUCTS_DIR)/Notchly.app/$(BUNDLE_EXECUTABLE_FOLDER_PATH)/Notchly";
			};
			name = Debug;
		};
		58A40D902D094925002B5165 /* Release */ = {
			isa = XCBuildConfiguration;
			buildSettings = {
				BUNDLE_LOADER = "$(TEST_HOST)";
				CODE_SIGN_STYLE = Automatic;
				CURRENT_PROJECT_VERSION = 1;
				DEVELOPMENT_TEAM = KSV8764PQK;
				GENERATE_INFOPLIST_FILE = YES;
				MACOSX_DEPLOYMENT_TARGET = 15.3;
				MARKETING_VERSION = 1.0;
				PRODUCT_BUNDLE_IDENTIFIER = com.apple.NotchlyTests;
				PRODUCT_NAME = "$(TARGET_NAME)";
				SWIFT_EMIT_LOC_STRINGS = NO;
				SWIFT_VERSION = 5.0;
				TEST_HOST = "$(BUILT_PRODUCTS_DIR)/Notchly.app/$(BUNDLE_EXECUTABLE_FOLDER_PATH)/Notchly";
			};
			name = Release;
		};
		58A40D922D094925002B5165 /* Debug */ = {
			isa = XCBuildConfiguration;
			buildSettings = {
				CODE_SIGN_STYLE = Automatic;
				CURRENT_PROJECT_VERSION = 1;
				DEVELOPMENT_TEAM = KSV8764PQK;
				GENERATE_INFOPLIST_FILE = YES;
				MARKETING_VERSION = 1.0;
				PRODUCT_BUNDLE_IDENTIFIER = com.apple.NotchlyUITests;
				PRODUCT_NAME = "$(TARGET_NAME)";
				SWIFT_EMIT_LOC_STRINGS = NO;
				SWIFT_VERSION = 5.0;
				TEST_TARGET_NAME = Notchly;
			};
			name = Debug;
		};
		58A40D932D094925002B5165 /* Release */ = {
			isa = XCBuildConfiguration;
			buildSettings = {
				CODE_SIGN_STYLE = Automatic;
				CURRENT_PROJECT_VERSION = 1;
				DEVELOPMENT_TEAM = KSV8764PQK;
				GENERATE_INFOPLIST_FILE = YES;
				MARKETING_VERSION = 1.0;
				PRODUCT_BUNDLE_IDENTIFIER = com.apple.NotchlyUITests;
				PRODUCT_NAME = "$(TARGET_NAME)";
				SWIFT_EMIT_LOC_STRINGS = NO;
				SWIFT_VERSION = 5.0;
				TEST_TARGET_NAME = Notchly;
			};
			name = Release;
		};
/* End XCBuildConfiguration section */

/* Begin XCConfigurationList section */
		58A40D612D094923002B5165 /* Build configuration list for PBXProject "Notchly" */ = {
			isa = XCConfigurationList;
			buildConfigurations = (
				58A40D892D094925002B5165 /* Debug */,
				58A40D8A2D094925002B5165 /* Release */,
			);
			defaultConfigurationIsVisible = 0;
			defaultConfigurationName = Release;
		};
		58A40D8B2D094925002B5165 /* Build configuration list for PBXNativeTarget "Notchly" */ = {
			isa = XCConfigurationList;
			buildConfigurations = (
				58A40D8C2D094925002B5165 /* Debug */,
				58A40D8D2D094925002B5165 /* Release */,
			);
			defaultConfigurationIsVisible = 0;
			defaultConfigurationName = Release;
		};
		58A40D8E2D094925002B5165 /* Build configuration list for PBXNativeTarget "NotchlyTests" */ = {
			isa = XCConfigurationList;
			buildConfigurations = (
				58A40D8F2D094925002B5165 /* Debug */,
				58A40D902D094925002B5165 /* Release */,
			);
			defaultConfigurationIsVisible = 0;
			defaultConfigurationName = Release;
		};
		58A40D912D094925002B5165 /* Build configuration list for PBXNativeTarget "NotchlyUITests" */ = {
			isa = XCConfigurationList;
			buildConfigurations = (
				58A40D922D094925002B5165 /* Debug */,
				58A40D932D094925002B5165 /* Release */,
			);
			defaultConfigurationIsVisible = 0;
			defaultConfigurationName = Release;
		};
/* End XCConfigurationList section */

/* Begin XCLocalSwiftPackageReference section */
		58C97B872D45F353006FFC06 /* XCLocalSwiftPackageReference "../Defaults" */ = {
			isa = XCLocalSwiftPackageReference;
			relativePath = ../Defaults;
		};
/* End XCLocalSwiftPackageReference section */

/* Begin XCRemoteSwiftPackageReference section */
		58C97B8C2D45F3D2006FFC06 /* XCRemoteSwiftPackageReference "swift-collections" */ = {
			isa = XCRemoteSwiftPackageReference;
			repositoryURL = "https://github.com/apple/swift-collections.git";
			requirement = {
				kind = upToNextMajorVersion;
				minimumVersion = 1.1.4;
			};
		};
/* End XCRemoteSwiftPackageReference section */

/* Begin XCSwiftPackageProductDependency section */
		58C97B882D45F353006FFC06 /* Defaults */ = {
			isa = XCSwiftPackageProductDependency;
			productName = Defaults;
		};
		58C97B8A2D45F353006FFC06 /* DefaultsMacros */ = {
			isa = XCSwiftPackageProductDependency;
			productName = DefaultsMacros;
		};
		58C97B8D2D45F3D2006FFC06 /* BitCollections */ = {
			isa = XCSwiftPackageProductDependency;
			package = 58C97B8C2D45F3D2006FFC06 /* XCRemoteSwiftPackageReference "swift-collections" */;
			productName = BitCollections;
		};
		58C97B8F2D45F3D2006FFC06 /* Collections */ = {
			isa = XCSwiftPackageProductDependency;
			package = 58C97B8C2D45F3D2006FFC06 /* XCRemoteSwiftPackageReference "swift-collections" */;
			productName = Collections;
		};
		58C97B912D45F3D2006FFC06 /* DequeModule */ = {
			isa = XCSwiftPackageProductDependency;
			package = 58C97B8C2D45F3D2006FFC06 /* XCRemoteSwiftPackageReference "swift-collections" */;
			productName = DequeModule;
		};
		58C97B932D45F3D2006FFC06 /* HashTreeCollections */ = {
			isa = XCSwiftPackageProductDependency;
			package = 58C97B8C2D45F3D2006FFC06 /* XCRemoteSwiftPackageReference "swift-collections" */;
			productName = HashTreeCollections;
		};
		58C97B952D45F3D2006FFC06 /* HeapModule */ = {
			isa = XCSwiftPackageProductDependency;
			package = 58C97B8C2D45F3D2006FFC06 /* XCRemoteSwiftPackageReference "swift-collections" */;
			productName = HeapModule;
		};
/* End XCSwiftPackageProductDependency section */
	};
	rootObject = 58A40D5E2D094923002B5165 /* Project object */;
}
