// !$*UTF8*$!
{
	archiveVersion = 1;
	classes = {
	};
	objectVersion = 77;
	objects = {

/* Begin PBXBuildFile section */
		580F20512D59ADCD00D66D57 /* NotchlyAnimations.swift in Sources */ = {isa = PBXBuildFile; fileRef = 580F20502D59ADC700D66D57 /* NotchlyAnimations.swift */; };
		580F20552D59B36B00D66D57 /* NotchlyTheme.swift in Sources */ = {isa = PBXBuildFile; fileRef = 580F20542D59B36600D66D57 /* NotchlyTheme.swift */; };
		580F20592D59DB3600D66D57 /* NotchlyEventConflicts.swift in Sources */ = {isa = PBXBuildFile; fileRef = 580F20582D59DB2B00D66D57 /* NotchlyEventConflicts.swift */; };
		580F205D2D59E16C00D66D57 /* NotchlyEventAttendees.swift in Sources */ = {isa = PBXBuildFile; fileRef = 580F205C2D59E14B00D66D57 /* NotchlyEventAttendees.swift */; };
		580F205F2D59E19100D66D57 /* UserEmailCache.swift in Sources */ = {isa = PBXBuildFile; fileRef = 580F205E2D59E18F00D66D57 /* UserEmailCache.swift */; };
		583F0A142D9652770034562C /* PlayerProtocol.swift in Sources */ = {isa = PBXBuildFile; fileRef = 583F0A132D9652740034562C /* PlayerProtocol.swift */; };
		583F0A162D96529B0034562C /* AppleMusicManager.swift in Sources */ = {isa = PBXBuildFile; fileRef = 583F0A152D9652970034562C /* AppleMusicManager.swift */; };
		583F0A192D965C720034562C /* Music.swift in Sources */ = {isa = PBXBuildFile; fileRef = 583F0A182D965C6D0034562C /* Music.swift */; };
		583F0A1B2D965CCC0034562C /* Spotify.swift in Sources */ = {isa = PBXBuildFile; fileRef = 583F0A1A2D965CC80034562C /* Spotify.swift */; };
		586807CF2D6EB1D7005D4DB5 /* NotchlyMediaPlayer.swift in Sources */ = {isa = PBXBuildFile; fileRef = 586807CE2D6EB1D6005D4DB5 /* NotchlyMediaPlayer.swift */; };
		586807D22D6EB3C9005D4DB5 /* No Artwork.png in Resources */ = {isa = PBXBuildFile; fileRef = 586807D12D6EB3C9005D4DB5 /* No Artwork.png */; };
		5871AC642D76E803007D9755 /* EventKit.framework in Frameworks */ = {isa = PBXBuildFile; fileRef = 58A40DA72D094FDB002B5165 /* EventKit.framework */; };
		587D3D4F2D40C4810034FA71 /* NotchlyShape.swift in Sources */ = {isa = PBXBuildFile; fileRef = 587D3D4E2D40C4750034FA71 /* NotchlyShape.swift */; };
		58832F3A2D9A04A700745CF2 /* SpotifyManager.swift in Sources */ = {isa = PBXBuildFile; fileRef = 58832F392D9A04A100745CF2 /* SpotifyManager.swift */; };
		58832F3D2D9A06DA00745CF2 /* MediaPlayerAppProvider.swift in Sources */ = {isa = PBXBuildFile; fileRef = 58832F3C2D9A06D700745CF2 /* MediaPlayerAppProvider.swift */; };
		58832F3F2D9A1D1D00745CF2 /* PodcastsManager.swift in Sources */ = {isa = PBXBuildFile; fileRef = 58832F3E2D9A1D1800745CF2 /* PodcastsManager.swift */; };
		58832F412D9A239400745CF2 /* PodcastsFallbackView.swift in Sources */ = {isa = PBXBuildFile; fileRef = 58832F402D9A238E00745CF2 /* PodcastsFallbackView.swift */; };
		588330442D79704C006251C1 /* FeedKit in Frameworks */ = {isa = PBXBuildFile; productRef = 588330432D79704C006251C1 /* FeedKit */; };
		588330462D798485006251C1 /* MarqueeText.swift in Sources */ = {isa = PBXBuildFile; fileRef = 588330452D798484006251C1 /* MarqueeText.swift */; };
		58B6B3732D7557DE00F2F709 /* MediaPlaybackMonitor.swift in Sources */ = {isa = PBXBuildFile; fileRef = 58B6B3722D7557CE00F2F709 /* MediaPlaybackMonitor.swift */; };
		58C2A71C2D3DAD0200764D80 /* Preview Assets.xcassets in Resources */ = {isa = PBXBuildFile; fileRef = 58C2A70F2D3DAD0200764D80 /* Preview Assets.xcassets */; };
		58C2A71D2D3DAD0200764D80 /* Assets.xcassets in Resources */ = {isa = PBXBuildFile; fileRef = 58C2A7112D3DAD0200764D80 /* Assets.xcassets */; };
		58C2A7262D3DAD0200764D80 /* NotchlyApp.swift in Sources */ = {isa = PBXBuildFile; fileRef = 58C2A71A2D3DAD0200764D80 /* NotchlyApp.swift */; };
		58C2A7382D3DAD6800764D80 /* CalendarManager.swift in Sources */ = {isa = PBXBuildFile; fileRef = 58C2A7362D3DAD6800764D80 /* CalendarManager.swift */; };
		58C97B7F2D45CCE4006FFC06 /* FigmaView.swift in Sources */ = {isa = PBXBuildFile; fileRef = 58C97B7E2D45CCE0006FFC06 /* FigmaView.swift */; };
		58C97B8E2D45F3D2006FFC06 /* BitCollections in Frameworks */ = {isa = PBXBuildFile; productRef = 58C97B8D2D45F3D2006FFC06 /* BitCollections */; };
		58C97B902D45F3D2006FFC06 /* Collections in Frameworks */ = {isa = PBXBuildFile; productRef = 58C97B8F2D45F3D2006FFC06 /* Collections */; };
		58C97B922D45F3D2006FFC06 /* DequeModule in Frameworks */ = {isa = PBXBuildFile; productRef = 58C97B912D45F3D2006FFC06 /* DequeModule */; };
		58C97B942D45F3D2006FFC06 /* HashTreeCollections in Frameworks */ = {isa = PBXBuildFile; productRef = 58C97B932D45F3D2006FFC06 /* HashTreeCollections */; };
		58C97B962D45F3D2006FFC06 /* HeapModule in Frameworks */ = {isa = PBXBuildFile; productRef = 58C97B952D45F3D2006FFC06 /* HeapModule */; };
		58C97BCA2D487E98006FFC06 /* Notchly.swift in Sources */ = {isa = PBXBuildFile; fileRef = 58C97BC92D487E94006FFC06 /* Notchly.swift */; };
		58C97BCE2D48800D006FFC06 /* NotchlyView.swift in Sources */ = {isa = PBXBuildFile; fileRef = 58C97BCD2D488008006FFC06 /* NotchlyView.swift */; };
		58C97BD42D48813E006FFC06 /* NotchlyWindowPanel.swift in Sources */ = {isa = PBXBuildFile; fileRef = 58C97BD32D488138006FFC06 /* NotchlyWindowPanel.swift */; };
		58C97BD62D4881FE006FFC06 /* BlurAnimation.swift in Sources */ = {isa = PBXBuildFile; fileRef = 58C97BD52D4881F9006FFC06 /* BlurAnimation.swift */; };
		58C97BF72D4A0D87006FFC06 /* NotchlyConfigurations.swift in Sources */ = {isa = PBXBuildFile; fileRef = 58C97BF62D4A0D81006FFC06 /* NotchlyConfigurations.swift */; };
		58C97BFB2D4B3512006FFC06 /* NotchlyCalendarView.swift in Sources */ = {isa = PBXBuildFile; fileRef = 58C97BFA2D4B350D006FFC06 /* NotchlyCalendarView.swift */; };
		58C97C172D500394006FFC06 /* NotchlyDateSelector.swift in Sources */ = {isa = PBXBuildFile; fileRef = 58C97C162D500385006FFC06 /* NotchlyDateSelector.swift */; };
		58C97C1A2D5003AD006FFC06 /* NotchlyEventList.swift in Sources */ = {isa = PBXBuildFile; fileRef = 58C97C192D5003A9006FFC06 /* NotchlyEventList.swift */; };
		58C97C1C2D5003CD006FFC06 /* NotchlyCalendarUtilities.swift in Sources */ = {isa = PBXBuildFile; fileRef = 58C97C1B2D5003CA006FFC06 /* NotchlyCalendarUtilities.swift */; };
		58C97C1E2D502D79006FFC06 /* NotchlyWeather.swift in Sources */ = {isa = PBXBuildFile; fileRef = 58C97C1D2D502D74006FFC06 /* NotchlyWeather.swift */; };
/* End PBXBuildFile section */

/* Begin PBXContainerItemProxy section */
		58A40D782D094925002B5165 /* PBXContainerItemProxy */ = {
			isa = PBXContainerItemProxy;
			containerPortal = 58A40D5E2D094923002B5165 /* Project object */;
			proxyType = 1;
			remoteGlobalIDString = 58A40D652D094923002B5165;
			remoteInfo = Notchly;
		};
		58A40D822D094925002B5165 /* PBXContainerItemProxy */ = {
			isa = PBXContainerItemProxy;
			containerPortal = 58A40D5E2D094923002B5165 /* Project object */;
			proxyType = 1;
			remoteGlobalIDString = 58A40D652D094923002B5165;
			remoteInfo = Notchly;
		};
/* End PBXContainerItemProxy section */

/* Begin PBXCopyFilesBuildPhase section */
		580B132D2D8BCA67003EF0AA /* Embed Frameworks */ = {
			isa = PBXCopyFilesBuildPhase;
			buildActionMask = 2147483647;
			dstPath = "";
			dstSubfolderSpec = 10;
			files = (
			);
			name = "Embed Frameworks";
			runOnlyForDeploymentPostprocessing = 0;
		};
/* End PBXCopyFilesBuildPhase section */

/* Begin PBXFileReference section */
		580F20502D59ADC700D66D57 /* NotchlyAnimations.swift */ = {isa = PBXFileReference; lastKnownFileType = sourcecode.swift; path = NotchlyAnimations.swift; sourceTree = "<group>"; };
		580F20542D59B36600D66D57 /* NotchlyTheme.swift */ = {isa = PBXFileReference; lastKnownFileType = sourcecode.swift; path = NotchlyTheme.swift; sourceTree = "<group>"; };
		580F20582D59DB2B00D66D57 /* NotchlyEventConflicts.swift */ = {isa = PBXFileReference; lastKnownFileType = sourcecode.swift; path = NotchlyEventConflicts.swift; sourceTree = "<group>"; };
		580F205C2D59E14B00D66D57 /* NotchlyEventAttendees.swift */ = {isa = PBXFileReference; lastKnownFileType = sourcecode.swift; path = NotchlyEventAttendees.swift; sourceTree = "<group>"; };
		580F205E2D59E18F00D66D57 /* UserEmailCache.swift */ = {isa = PBXFileReference; lastKnownFileType = sourcecode.swift; path = UserEmailCache.swift; sourceTree = "<group>"; };
		583F0A132D9652740034562C /* PlayerProtocol.swift */ = {isa = PBXFileReference; lastKnownFileType = sourcecode.swift; path = PlayerProtocol.swift; sourceTree = "<group>"; };
		583F0A152D9652970034562C /* AppleMusicManager.swift */ = {isa = PBXFileReference; lastKnownFileType = sourcecode.swift; path = AppleMusicManager.swift; sourceTree = "<group>"; };
		583F0A182D965C6D0034562C /* Music.swift */ = {isa = PBXFileReference; lastKnownFileType = sourcecode.swift; path = Music.swift; sourceTree = "<group>"; };
		583F0A1A2D965CC80034562C /* Spotify.swift */ = {isa = PBXFileReference; lastKnownFileType = sourcecode.swift; path = Spotify.swift; sourceTree = "<group>"; };
		583F0A1C2D9660360034562C /* Music.h */ = {isa = PBXFileReference; lastKnownFileType = sourcecode.c.h; path = Music.h; sourceTree = "<group>"; };
		583F0A1D2D9660AB0034562C /* Notchly-Bridging-Header.h */ = {isa = PBXFileReference; lastKnownFileType = sourcecode.c.h; path = "Notchly-Bridging-Header.h"; sourceTree = "<group>"; };
		586807CE2D6EB1D6005D4DB5 /* NotchlyMediaPlayer.swift */ = {isa = PBXFileReference; lastKnownFileType = sourcecode.swift; path = NotchlyMediaPlayer.swift; sourceTree = "<group>"; };
		586807D12D6EB3C9005D4DB5 /* No Artwork.png */ = {isa = PBXFileReference; lastKnownFileType = image.png; path = "No Artwork.png"; sourceTree = "<group>"; };
		587D3D4E2D40C4750034FA71 /* NotchlyShape.swift */ = {isa = PBXFileReference; lastKnownFileType = sourcecode.swift; path = NotchlyShape.swift; sourceTree = "<group>"; };
		58832F392D9A04A100745CF2 /* SpotifyManager.swift */ = {isa = PBXFileReference; lastKnownFileType = sourcecode.swift; path = SpotifyManager.swift; sourceTree = "<group>"; };
		58832F3C2D9A06D700745CF2 /* MediaPlayerAppProvider.swift */ = {isa = PBXFileReference; lastKnownFileType = sourcecode.swift; path = MediaPlayerAppProvider.swift; sourceTree = "<group>"; };
		58832F3E2D9A1D1800745CF2 /* PodcastsManager.swift */ = {isa = PBXFileReference; lastKnownFileType = sourcecode.swift; path = PodcastsManager.swift; sourceTree = "<group>"; };
		58832F402D9A238E00745CF2 /* PodcastsFallbackView.swift */ = {isa = PBXFileReference; lastKnownFileType = sourcecode.swift; path = PodcastsFallbackView.swift; sourceTree = "<group>"; };
		588330452D798484006251C1 /* MarqueeText.swift */ = {isa = PBXFileReference; lastKnownFileType = sourcecode.swift; path = MarqueeText.swift; sourceTree = "<group>"; };
		58A40D662D094923002B5165 /* Notchly.app */ = {isa = PBXFileReference; explicitFileType = wrapper.application; includeInIndex = 0; path = Notchly.app; sourceTree = BUILT_PRODUCTS_DIR; };
		58A40D772D094925002B5165 /* NotchlyTests.xctest */ = {isa = PBXFileReference; explicitFileType = wrapper.cfbundle; includeInIndex = 0; path = NotchlyTests.xctest; sourceTree = BUILT_PRODUCTS_DIR; };
		58A40D812D094925002B5165 /* NotchlyUITests.xctest */ = {isa = PBXFileReference; explicitFileType = wrapper.cfbundle; includeInIndex = 0; path = NotchlyUITests.xctest; sourceTree = BUILT_PRODUCTS_DIR; };
		58A40DA72D094FDB002B5165 /* EventKit.framework */ = {isa = PBXFileReference; lastKnownFileType = wrapper.framework; name = EventKit.framework; path = System/Library/Frameworks/EventKit.framework; sourceTree = SDKROOT; };
		58B6B3722D7557CE00F2F709 /* MediaPlaybackMonitor.swift */ = {isa = PBXFileReference; lastKnownFileType = sourcecode.swift; path = MediaPlaybackMonitor.swift; sourceTree = "<group>"; };
		58C2A70F2D3DAD0200764D80 /* Preview Assets.xcassets */ = {isa = PBXFileReference; lastKnownFileType = folder.assetcatalog; path = "Preview Assets.xcassets"; sourceTree = "<group>"; };
		58C2A7112D3DAD0200764D80 /* Assets.xcassets */ = {isa = PBXFileReference; lastKnownFileType = folder.assetcatalog; path = Assets.xcassets; sourceTree = "<group>"; };
		58C2A7182D3DAD0200764D80 /* Info.plist */ = {isa = PBXFileReference; lastKnownFileType = text.plist.xml; path = Info.plist; sourceTree = "<group>"; };
		58C2A7192D3DAD0200764D80 /* Notchly.entitlements */ = {isa = PBXFileReference; lastKnownFileType = text.plist.entitlements; path = Notchly.entitlements; sourceTree = "<group>"; };
		58C2A71A2D3DAD0200764D80 /* NotchlyApp.swift */ = {isa = PBXFileReference; lastKnownFileType = sourcecode.swift; path = NotchlyApp.swift; sourceTree = "<group>"; };
		58C2A7362D3DAD6800764D80 /* CalendarManager.swift */ = {isa = PBXFileReference; lastKnownFileType = sourcecode.swift; path = CalendarManager.swift; sourceTree = "<group>"; };
		58C97B7E2D45CCE0006FFC06 /* FigmaView.swift */ = {isa = PBXFileReference; lastKnownFileType = sourcecode.swift; path = FigmaView.swift; sourceTree = "<group>"; };
		58C97BC92D487E94006FFC06 /* Notchly.swift */ = {isa = PBXFileReference; lastKnownFileType = sourcecode.swift; path = Notchly.swift; sourceTree = "<group>"; };
		58C97BCD2D488008006FFC06 /* NotchlyView.swift */ = {isa = PBXFileReference; lastKnownFileType = sourcecode.swift; path = NotchlyView.swift; sourceTree = "<group>"; };
		58C97BD32D488138006FFC06 /* NotchlyWindowPanel.swift */ = {isa = PBXFileReference; lastKnownFileType = sourcecode.swift; path = NotchlyWindowPanel.swift; sourceTree = "<group>"; };
		58C97BD52D4881F9006FFC06 /* BlurAnimation.swift */ = {isa = PBXFileReference; lastKnownFileType = sourcecode.swift; path = BlurAnimation.swift; sourceTree = "<group>"; };
		58C97BF62D4A0D81006FFC06 /* NotchlyConfigurations.swift */ = {isa = PBXFileReference; lastKnownFileType = sourcecode.swift; path = NotchlyConfigurations.swift; sourceTree = "<group>"; };
		58C97BFA2D4B350D006FFC06 /* NotchlyCalendarView.swift */ = {isa = PBXFileReference; lastKnownFileType = sourcecode.swift; path = NotchlyCalendarView.swift; sourceTree = "<group>"; };
		58C97C162D500385006FFC06 /* NotchlyDateSelector.swift */ = {isa = PBXFileReference; lastKnownFileType = sourcecode.swift; path = NotchlyDateSelector.swift; sourceTree = "<group>"; };
		58C97C192D5003A9006FFC06 /* NotchlyEventList.swift */ = {isa = PBXFileReference; lastKnownFileType = sourcecode.swift; path = NotchlyEventList.swift; sourceTree = "<group>"; };
		58C97C1B2D5003CA006FFC06 /* NotchlyCalendarUtilities.swift */ = {isa = PBXFileReference; lastKnownFileType = sourcecode.swift; path = NotchlyCalendarUtilities.swift; sourceTree = "<group>"; };
		58C97C1D2D502D74006FFC06 /* NotchlyWeather.swift */ = {isa = PBXFileReference; lastKnownFileType = sourcecode.swift; path = NotchlyWeather.swift; sourceTree = "<group>"; };
/* End PBXFileReference section */

/* Begin PBXFileSystemSynchronizedRootGroup section */
		58A40D7A2D094925002B5165 /* NotchlyTests */ = {
			isa = PBXFileSystemSynchronizedRootGroup;
			path = NotchlyTests;
			sourceTree = "<group>";
		};
		58A40D842D094925002B5165 /* NotchlyUITests */ = {
			isa = PBXFileSystemSynchronizedRootGroup;
			path = NotchlyUITests;
			sourceTree = "<group>";
		};
/* End PBXFileSystemSynchronizedRootGroup section */

/* Begin PBXFrameworksBuildPhase section */
		58A40D632D094923002B5165 /* Frameworks */ = {
			isa = PBXFrameworksBuildPhase;
			buildActionMask = 2147483647;
			files = (
				58C97B8E2D45F3D2006FFC06 /* BitCollections in Frameworks */,
				5871AC642D76E803007D9755 /* EventKit.framework in Frameworks */,
				58C97B902D45F3D2006FFC06 /* Collections in Frameworks */,
				588330442D79704C006251C1 /* FeedKit in Frameworks */,
				58C97B942D45F3D2006FFC06 /* HashTreeCollections in Frameworks */,
				58C97B962D45F3D2006FFC06 /* HeapModule in Frameworks */,
				58C97B922D45F3D2006FFC06 /* DequeModule in Frameworks */,
			);
			runOnlyForDeploymentPostprocessing = 0;
		};
		58A40D742D094925002B5165 /* Frameworks */ = {
			isa = PBXFrameworksBuildPhase;
			buildActionMask = 2147483647;
			files = (
			);
			runOnlyForDeploymentPostprocessing = 0;
		};
		58A40D7E2D094925002B5165 /* Frameworks */ = {
			isa = PBXFrameworksBuildPhase;
			buildActionMask = 2147483647;
			files = (
			);
			runOnlyForDeploymentPostprocessing = 0;
		};
/* End PBXFrameworksBuildPhase section */

/* Begin PBXGroup section */
		580B13332D8BD1CB003EF0AA /* Calendar */ = {
			isa = PBXGroup;
			children = (
				58A40DA72D094FDB002B5165 /* EventKit.framework */,
			);
			path = Calendar;
			sourceTree = "<group>";
		};
		580F204F2D59AD0200D66D57 /* Core Components */ = {
			isa = PBXGroup;
			children = (
				587D3D4E2D40C4750034FA71 /* NotchlyShape.swift */,
				58C97BD32D488138006FFC06 /* NotchlyWindowPanel.swift */,
			);
			path = "Core Components";
			sourceTree = "<group>";
		};
		580F20602D59E36500D66D57 /* Events */ = {
			isa = PBXGroup;
			children = (
				580F205C2D59E14B00D66D57 /* NotchlyEventAttendees.swift */,
				580F20582D59DB2B00D66D57 /* NotchlyEventConflicts.swift */,
				58C97C192D5003A9006FFC06 /* NotchlyEventList.swift */,
			);
			path = Events;
			sourceTree = "<group>";
		};
		580F20612D59E39900D66D57 /* Weather */ = {
			isa = PBXGroup;
			children = (
				58C97C1D2D502D74006FFC06 /* NotchlyWeather.swift */,
			);
			path = Weather;
			sourceTree = "<group>";
		};
		583F0A172D965C580034562C /* ScriptingBridge */ = {
			isa = PBXGroup;
			children = (
				583F0A182D965C6D0034562C /* Music.swift */,
				583F0A1A2D965CC80034562C /* Spotify.swift */,
			);
			path = ScriptingBridge;
			sourceTree = "<group>";
		};
		586807CD2D6EB1C3005D4DB5 /* Media Player */ = {
			isa = PBXGroup;
			children = (
				588330452D798484006251C1 /* MarqueeText.swift */,
				58B6B3722D7557CE00F2F709 /* MediaPlaybackMonitor.swift */,
				58832F3C2D9A06D700745CF2 /* MediaPlayerAppProvider.swift */,
				586807CE2D6EB1D6005D4DB5 /* NotchlyMediaPlayer.swift */,
				583F0A132D9652740034562C /* PlayerProtocol.swift */,
				58832F402D9A238E00745CF2 /* PodcastsFallbackView.swift */,
				58832F3B2D9A06A200745CF2 /* Media Managers */,
			);
			path = "Media Player";
			sourceTree = "<group>";
		};
		586807D02D6EB3AE005D4DB5 /* Default Images */ = {
			isa = PBXGroup;
			children = (
				586807D12D6EB3C9005D4DB5 /* No Artwork.png */,
			);
			path = "Default Images";
			sourceTree = "<group>";
		};
		58832F3B2D9A06A200745CF2 /* Media Managers */ = {
			isa = PBXGroup;
			children = (
				583F0A152D9652970034562C /* AppleMusicManager.swift */,
				58832F3E2D9A1D1800745CF2 /* PodcastsManager.swift */,
				58832F392D9A04A100745CF2 /* SpotifyManager.swift */,
			);
			path = "Media Managers";
			sourceTree = "<group>";
		};
		58A40D5D2D094923002B5165 = {
			isa = PBXGroup;
			children = (
				58A40DA62D094FDB002B5165 /* Frameworks */,
				58C2A71B2D3DAD0200764D80 /* Notchly */,
				58A40D7A2D094925002B5165 /* NotchlyTests */,
				58A40D842D094925002B5165 /* NotchlyUITests */,
				58A40D672D094923002B5165 /* Products */,
			);
			sourceTree = "<group>";
		};
		58A40D672D094923002B5165 /* Products */ = {
			isa = PBXGroup;
			children = (
				58A40D662D094923002B5165 /* Notchly.app */,
				58A40D772D094925002B5165 /* NotchlyTests.xctest */,
				58A40D812D094925002B5165 /* NotchlyUITests.xctest */,
			);
			name = Products;
			sourceTree = "<group>";
		};
		58A40DA62D094FDB002B5165 /* Frameworks */ = {
			isa = PBXGroup;
			children = (
				580B13332D8BD1CB003EF0AA /* Calendar */,
			);
			name = Frameworks;
			sourceTree = "<group>";
		};
		58C2A7102D3DAD0200764D80 /* Preview Content */ = {
			isa = PBXGroup;
			children = (
				58C2A70F2D3DAD0200764D80 /* Preview Assets.xcassets */,
			);
			path = "Preview Content";
			sourceTree = "<group>";
		};
		58C2A7122D3DAD0200764D80 /* Resources */ = {
			isa = PBXGroup;
			children = (
				58C2A7112D3DAD0200764D80 /* Assets.xcassets */,
				586807D02D6EB3AE005D4DB5 /* Default Images */,
			);
			path = Resources;
			sourceTree = "<group>";
		};
		58C2A71B2D3DAD0200764D80 /* Notchly */ = {
			isa = PBXGroup;
			children = (
				583F0A1C2D9660360034562C /* Music.h */,
				583F0A1D2D9660AB0034562C /* Notchly-Bridging-Header.h */,
				58C2A71A2D3DAD0200764D80 /* NotchlyApp.swift */,
				58C97BED2D49ACC3006FFC06 /* Core */,
				58C2A7122D3DAD0200764D80 /* Resources */,
				58C97BF02D49ACDA006FFC06 /* Testing */,
				58C97BEC2D49ACBC006FFC06 /* UI */,
				58C97BEF2D49ACD0006FFC06 /* Utilities */,
				58C97BF12D49AD4E006FFC06 /* Xcode Stuff */,
			);
			path = Notchly;
			sourceTree = "<group>";
		};
		58C97B812D45E9EB006FFC06 /* Figma Files */ = {
			isa = PBXGroup;
			children = (
				58C97B7E2D45CCE0006FFC06 /* FigmaView.swift */,
			);
			path = "Figma Files";
			sourceTree = "<group>";
		};
		58C97BEC2D49ACBC006FFC06 /* UI */ = {
			isa = PBXGroup;
			children = (
				586807CD2D6EB1C3005D4DB5 /* Media Player */,
				58C97BF32D49B148006FFC06 /* Calendar */,
				580F20612D59E39900D66D57 /* Weather */,
			);
			path = UI;
			sourceTree = "<group>";
		};
		58C97BED2D49ACC3006FFC06 /* Core */ = {
			isa = PBXGroup;
			children = (
				58C97BC92D487E94006FFC06 /* Notchly.swift */,
				58C97BF62D4A0D81006FFC06 /* NotchlyConfigurations.swift */,
				58C97BCD2D488008006FFC06 /* NotchlyView.swift */,
				580F204F2D59AD0200D66D57 /* Core Components */,
			);
			path = Core;
			sourceTree = "<group>";
		};
		58C97BEF2D49ACD0006FFC06 /* Utilities */ = {
			isa = PBXGroup;
			children = (
				583F0A172D965C580034562C /* ScriptingBridge */,
				58C97BD52D4881F9006FFC06 /* BlurAnimation.swift */,
				580F20502D59ADC700D66D57 /* NotchlyAnimations.swift */,
				580F20542D59B36600D66D57 /* NotchlyTheme.swift */,
			);
			path = Utilities;
			sourceTree = "<group>";
		};
		58C97BF02D49ACDA006FFC06 /* Testing */ = {
			isa = PBXGroup;
			children = (
				58C97B812D45E9EB006FFC06 /* Figma Files */,
			);
			path = Testing;
			sourceTree = "<group>";
		};
		58C97BF12D49AD4E006FFC06 /* Xcode Stuff */ = {
			isa = PBXGroup;
			children = (
				58C2A7192D3DAD0200764D80 /* Notchly.entitlements */,
				58C2A7182D3DAD0200764D80 /* Info.plist */,
				58C2A7102D3DAD0200764D80 /* Preview Content */,
			);
			path = "Xcode Stuff";
			sourceTree = "<group>";
		};
		58C97BF32D49B148006FFC06 /* Calendar */ = {
			isa = PBXGroup;
			children = (
				58C2A7362D3DAD6800764D80 /* CalendarManager.swift */,
				58C97BFA2D4B350D006FFC06 /* NotchlyCalendarView.swift */,
				58C97C182D5003A4006FFC06 /* Calendar Components */,
			);
			path = Calendar;
			sourceTree = "<group>";
		};
		58C97C182D5003A4006FFC06 /* Calendar Components */ = {
			isa = PBXGroup;
			children = (
				58C97C1B2D5003CA006FFC06 /* NotchlyCalendarUtilities.swift */,
				58C97C162D500385006FFC06 /* NotchlyDateSelector.swift */,
				580F205E2D59E18F00D66D57 /* UserEmailCache.swift */,
				580F20602D59E36500D66D57 /* Events */,
			);
			path = "Calendar Components";
			sourceTree = "<group>";
		};
/* End PBXGroup section */

/* Begin PBXNativeTarget section */
		58A40D652D094923002B5165 /* Notchly */ = {
			isa = PBXNativeTarget;
			buildConfigurationList = 58A40D8B2D094925002B5165 /* Build configuration list for PBXNativeTarget "Notchly" */;
			buildPhases = (
				58A40D622D094923002B5165 /* Sources */,
				58A40D632D094923002B5165 /* Frameworks */,
				58A40D642D094923002B5165 /* Resources */,
				580B132D2D8BCA67003EF0AA /* Embed Frameworks */,
			);
			buildRules = (
			);
			dependencies = (
			);
			name = Notchly;
			packageProductDependencies = (
				58C97B8D2D45F3D2006FFC06 /* BitCollections */,
				58C97B8F2D45F3D2006FFC06 /* Collections */,
				58C97B912D45F3D2006FFC06 /* DequeModule */,
				58C97B932D45F3D2006FFC06 /* HashTreeCollections */,
				58C97B952D45F3D2006FFC06 /* HeapModule */,
				588330432D79704C006251C1 /* FeedKit */,
			);
			productName = Notchly;
			productReference = 58A40D662D094923002B5165 /* Notchly.app */;
			productType = "com.apple.product-type.application";
		};
		58A40D762D094925002B5165 /* NotchlyTests */ = {
			isa = PBXNativeTarget;
			buildConfigurationList = 58A40D8E2D094925002B5165 /* Build configuration list for PBXNativeTarget "NotchlyTests" */;
			buildPhases = (
				58A40D732D094925002B5165 /* Sources */,
				58A40D742D094925002B5165 /* Frameworks */,
				58A40D752D094925002B5165 /* Resources */,
			);
			buildRules = (
			);
			dependencies = (
				58A40D792D094925002B5165 /* PBXTargetDependency */,
			);
			fileSystemSynchronizedGroups = (
				58A40D7A2D094925002B5165 /* NotchlyTests */,
			);
			name = NotchlyTests;
			packageProductDependencies = (
			);
			productName = NotchlyTests;
			productReference = 58A40D772D094925002B5165 /* NotchlyTests.xctest */;
			productType = "com.apple.product-type.bundle.unit-test";
		};
		58A40D802D094925002B5165 /* NotchlyUITests */ = {
			isa = PBXNativeTarget;
			buildConfigurationList = 58A40D912D094925002B5165 /* Build configuration list for PBXNativeTarget "NotchlyUITests" */;
			buildPhases = (
				58A40D7D2D094925002B5165 /* Sources */,
				58A40D7E2D094925002B5165 /* Frameworks */,
				58A40D7F2D094925002B5165 /* Resources */,
			);
			buildRules = (
			);
			dependencies = (
				58A40D832D094925002B5165 /* PBXTargetDependency */,
			);
			fileSystemSynchronizedGroups = (
				58A40D842D094925002B5165 /* NotchlyUITests */,
			);
			name = NotchlyUITests;
			packageProductDependencies = (
			);
			productName = NotchlyUITests;
			productReference = 58A40D812D094925002B5165 /* NotchlyUITests.xctest */;
			productType = "com.apple.product-type.bundle.ui-testing";
		};
/* End PBXNativeTarget section */

/* Begin PBXProject section */
		58A40D5E2D094923002B5165 /* Project object */ = {
			isa = PBXProject;
			attributes = {
				BuildIndependentTargetsInParallel = 1;
				LastSwiftUpdateCheck = 1620;
				LastUpgradeCheck = 1620;
				TargetAttributes = {
					58A40D652D094923002B5165 = {
						CreatedOnToolsVersion = 16.2;
					};
					58A40D762D094925002B5165 = {
						CreatedOnToolsVersion = 16.2;
						TestTargetID = 58A40D652D094923002B5165;
					};
					58A40D802D094925002B5165 = {
						CreatedOnToolsVersion = 16.2;
						TestTargetID = 58A40D652D094923002B5165;
					};
				};
			};
			buildConfigurationList = 58A40D612D094923002B5165 /* Build configuration list for PBXProject "Notchly" */;
			developmentRegion = en;
			hasScannedForEncodings = 0;
			knownRegions = (
				en,
				Base,
			);
			mainGroup = 58A40D5D2D094923002B5165;
			minimizedProjectReferenceProxies = 1;
			packageReferences = (
				58C97B8C2D45F3D2006FFC06 /* XCRemoteSwiftPackageReference "swift-collections" */,
				588330422D79704C006251C1 /* XCRemoteSwiftPackageReference "FeedKit" */,
			);
			preferredProjectObjectVersion = 77;
			productRefGroup = 58A40D672D094923002B5165 /* Products */;
			projectDirPath = "";
			projectRoot = "";
			targets = (
				58A40D652D094923002B5165 /* Notchly */,
				58A40D762D094925002B5165 /* NotchlyTests */,
				58A40D802D094925002B5165 /* NotchlyUITests */,
			);
		};
/* End PBXProject section */

/* Begin PBXResourcesBuildPhase section */
		58A40D642D094923002B5165 /* Resources */ = {
			isa = PBXResourcesBuildPhase;
			buildActionMask = 2147483647;
			files = (
				58C2A71C2D3DAD0200764D80 /* Preview Assets.xcassets in Resources */,
				58C2A71D2D3DAD0200764D80 /* Assets.xcassets in Resources */,
				586807D22D6EB3C9005D4DB5 /* No Artwork.png in Resources */,
			);
			runOnlyForDeploymentPostprocessing = 0;
		};
		58A40D752D094925002B5165 /* Resources */ = {
			isa = PBXResourcesBuildPhase;
			buildActionMask = 2147483647;
			files = (
			);
			runOnlyForDeploymentPostprocessing = 0;
		};
		58A40D7F2D094925002B5165 /* Resources */ = {
			isa = PBXResourcesBuildPhase;
			buildActionMask = 2147483647;
			files = (
			);
			runOnlyForDeploymentPostprocessing = 0;
		};
/* End PBXResourcesBuildPhase section */

/* Begin PBXSourcesBuildPhase section */
		58A40D622D094923002B5165 /* Sources */ = {
			isa = PBXSourcesBuildPhase;
			buildActionMask = 2147483647;
			files = (
				58C97C1E2D502D79006FFC06 /* NotchlyWeather.swift in Sources */,
				58832F3F2D9A1D1D00745CF2 /* PodcastsManager.swift in Sources */,
				580F20552D59B36B00D66D57 /* NotchlyTheme.swift in Sources */,
				583F0A142D9652770034562C /* PlayerProtocol.swift in Sources */,
				58832F3A2D9A04A700745CF2 /* SpotifyManager.swift in Sources */,
				58C97BCA2D487E98006FFC06 /* Notchly.swift in Sources */,
				58C97C172D500394006FFC06 /* NotchlyDateSelector.swift in Sources */,
				58C97BF72D4A0D87006FFC06 /* NotchlyConfigurations.swift in Sources */,
				583F0A192D965C720034562C /* Music.swift in Sources */,
				58C97BD62D4881FE006FFC06 /* BlurAnimation.swift in Sources */,
				580F205D2D59E16C00D66D57 /* NotchlyEventAttendees.swift in Sources */,
				580F20592D59DB3600D66D57 /* NotchlyEventConflicts.swift in Sources */,
				580F20512D59ADCD00D66D57 /* NotchlyAnimations.swift in Sources */,
				586807CF2D6EB1D7005D4DB5 /* NotchlyMediaPlayer.swift in Sources */,
				58C97BCE2D48800D006FFC06 /* NotchlyView.swift in Sources */,
				58C97B7F2D45CCE4006FFC06 /* FigmaView.swift in Sources */,
				583F0A1B2D965CCC0034562C /* Spotify.swift in Sources */,
				58832F3D2D9A06DA00745CF2 /* MediaPlayerAppProvider.swift in Sources */,
				583F0A162D96529B0034562C /* AppleMusicManager.swift in Sources */,
				58C2A7382D3DAD6800764D80 /* CalendarManager.swift in Sources */,
				58C97C1A2D5003AD006FFC06 /* NotchlyEventList.swift in Sources */,
				58832F412D9A239400745CF2 /* PodcastsFallbackView.swift in Sources */,
				58C97BFB2D4B3512006FFC06 /* NotchlyCalendarView.swift in Sources */,
				58B6B3732D7557DE00F2F709 /* MediaPlaybackMonitor.swift in Sources */,
				587D3D4F2D40C4810034FA71 /* NotchlyShape.swift in Sources */,
				58C97BD42D48813E006FFC06 /* NotchlyWindowPanel.swift in Sources */,
				58C97C1C2D5003CD006FFC06 /* NotchlyCalendarUtilities.swift in Sources */,
				588330462D798485006251C1 /* MarqueeText.swift in Sources */,
				580F205F2D59E19100D66D57 /* UserEmailCache.swift in Sources */,
				58C2A7262D3DAD0200764D80 /* NotchlyApp.swift in Sources */,
			);
			runOnlyForDeploymentPostprocessing = 0;
		};
		58A40D732D094925002B5165 /* Sources */ = {
			isa = PBXSourcesBuildPhase;
			buildActionMask = 2147483647;
			files = (
			);
			runOnlyForDeploymentPostprocessing = 0;
		};
		58A40D7D2D094925002B5165 /* Sources */ = {
			isa = PBXSourcesBuildPhase;
			buildActionMask = 2147483647;
			files = (
			);
			runOnlyForDeploymentPostprocessing = 0;
		};
/* End PBXSourcesBuildPhase section */

/* Begin PBXTargetDependency section */
		58A40D792D094925002B5165 /* PBXTargetDependency */ = {
			isa = PBXTargetDependency;
			target = 58A40D652D094923002B5165 /* Notchly */;
			targetProxy = 58A40D782D094925002B5165 /* PBXContainerItemProxy */;
		};
		58A40D832D094925002B5165 /* PBXTargetDependency */ = {
			isa = PBXTargetDependency;
			target = 58A40D652D094923002B5165 /* Notchly */;
			targetProxy = 58A40D822D094925002B5165 /* PBXContainerItemProxy */;
		};
/* End PBXTargetDependency section */

/* Begin XCBuildConfiguration section */
		58A40D892D094925002B5165 /* Debug */ = {
			isa = XCBuildConfiguration;
			buildSettings = {
				ALWAYS_SEARCH_USER_PATHS = NO;
				ASSETCATALOG_COMPILER_GENERATE_SWIFT_ASSET_SYMBOL_EXTENSIONS = YES;
				CLANG_ANALYZER_NONNULL = YES;
				CLANG_ANALYZER_NUMBER_OBJECT_CONVERSION = YES_AGGRESSIVE;
				CLANG_CXX_LANGUAGE_STANDARD = "gnu++20";
				CLANG_ENABLE_MODULES = YES;
				CLANG_ENABLE_OBJC_ARC = YES;
				CLANG_ENABLE_OBJC_WEAK = YES;
				CLANG_WARN_BLOCK_CAPTURE_AUTORELEASING = YES;
				CLANG_WARN_BOOL_CONVERSION = YES;
				CLANG_WARN_COMMA = YES;
				CLANG_WARN_CONSTANT_CONVERSION = YES;
				CLANG_WARN_DEPRECATED_OBJC_IMPLEMENTATIONS = YES;
				CLANG_WARN_DIRECT_OBJC_ISA_USAGE = YES_ERROR;
				CLANG_WARN_DOCUMENTATION_COMMENTS = YES;
				CLANG_WARN_EMPTY_BODY = YES;
				CLANG_WARN_ENUM_CONVERSION = YES;
				CLANG_WARN_INFINITE_RECURSION = YES;
				CLANG_WARN_INT_CONVERSION = YES;
				CLANG_WARN_NON_LITERAL_NULL_CONVERSION = YES;
				CLANG_WARN_OBJC_IMPLICIT_RETAIN_SELF = YES;
				CLANG_WARN_OBJC_LITERAL_CONVERSION = YES;
				CLANG_WARN_OBJC_ROOT_CLASS = YES_ERROR;
				CLANG_WARN_QUOTED_INCLUDE_IN_FRAMEWORK_HEADER = YES;
				CLANG_WARN_RANGE_LOOP_ANALYSIS = YES;
				CLANG_WARN_STRICT_PROTOTYPES = YES;
				CLANG_WARN_SUSPICIOUS_MOVE = YES;
				CLANG_WARN_UNGUARDED_AVAILABILITY = YES_AGGRESSIVE;
				CLANG_WARN_UNREACHABLE_CODE = YES;
				CLANG_WARN__DUPLICATE_METHOD_MATCH = YES;
				COPY_PHASE_STRIP = NO;
				DEBUG_INFORMATION_FORMAT = dwarf;
				ENABLE_STRICT_OBJC_MSGSEND = YES;
				ENABLE_TESTABILITY = YES;
				ENABLE_USER_SCRIPT_SANDBOXING = YES;
				GCC_C_LANGUAGE_STANDARD = gnu17;
				GCC_DYNAMIC_NO_PIC = NO;
				GCC_NO_COMMON_BLOCKS = YES;
				GCC_OPTIMIZATION_LEVEL = 0;
				GCC_PREPROCESSOR_DEFINITIONS = (
					"DEBUG=1",
					"$(inherited)",
				);
				GCC_WARN_64_TO_32_BIT_CONVERSION = YES;
				GCC_WARN_ABOUT_RETURN_TYPE = YES_ERROR;
				GCC_WARN_UNDECLARED_SELECTOR = YES;
				GCC_WARN_UNINITIALIZED_AUTOS = YES_AGGRESSIVE;
				GCC_WARN_UNUSED_FUNCTION = YES;
				GCC_WARN_UNUSED_VARIABLE = YES;
				LOCALIZATION_PREFERS_STRING_CATALOGS = YES;
				MACOSX_DEPLOYMENT_TARGET = 15.0;
				MTL_ENABLE_DEBUG_INFO = INCLUDE_SOURCE;
				MTL_FAST_MATH = YES;
				ONLY_ACTIVE_ARCH = YES;
				SDKROOT = macosx;
				SWIFT_ACTIVE_COMPILATION_CONDITIONS = "DEBUG $(inherited)";
				SWIFT_OPTIMIZATION_LEVEL = "-Onone";
			};
			name = Debug;
		};
		58A40D8A2D094925002B5165 /* Release */ = {
			isa = XCBuildConfiguration;
			buildSettings = {
				ALWAYS_SEARCH_USER_PATHS = NO;
				ASSETCATALOG_COMPILER_GENERATE_SWIFT_ASSET_SYMBOL_EXTENSIONS = YES;
				CLANG_ANALYZER_NONNULL = YES;
				CLANG_ANALYZER_NUMBER_OBJECT_CONVERSION = YES_AGGRESSIVE;
				CLANG_CXX_LANGUAGE_STANDARD = "gnu++20";
				CLANG_ENABLE_MODULES = YES;
				CLANG_ENABLE_OBJC_ARC = YES;
				CLANG_ENABLE_OBJC_WEAK = YES;
				CLANG_WARN_BLOCK_CAPTURE_AUTORELEASING = YES;
				CLANG_WARN_BOOL_CONVERSION = YES;
				CLANG_WARN_COMMA = YES;
				CLANG_WARN_CONSTANT_CONVERSION = YES;
				CLANG_WARN_DEPRECATED_OBJC_IMPLEMENTATIONS = YES;
				CLANG_WARN_DIRECT_OBJC_ISA_USAGE = YES_ERROR;
				CLANG_WARN_DOCUMENTATION_COMMENTS = YES;
				CLANG_WARN_EMPTY_BODY = YES;
				CLANG_WARN_ENUM_CONVERSION = YES;
				CLANG_WARN_INFINITE_RECURSION = YES;
				CLANG_WARN_INT_CONVERSION = YES;
				CLANG_WARN_NON_LITERAL_NULL_CONVERSION = YES;
				CLANG_WARN_OBJC_IMPLICIT_RETAIN_SELF = YES;
				CLANG_WARN_OBJC_LITERAL_CONVERSION = YES;
				CLANG_WARN_OBJC_ROOT_CLASS = YES_ERROR;
				CLANG_WARN_QUOTED_INCLUDE_IN_FRAMEWORK_HEADER = YES;
				CLANG_WARN_RANGE_LOOP_ANALYSIS = YES;
				CLANG_WARN_STRICT_PROTOTYPES = YES;
				CLANG_WARN_SUSPICIOUS_MOVE = YES;
				CLANG_WARN_UNGUARDED_AVAILABILITY = YES_AGGRESSIVE;
				CLANG_WARN_UNREACHABLE_CODE = YES;
				CLANG_WARN__DUPLICATE_METHOD_MATCH = YES;
				COPY_PHASE_STRIP = NO;
				DEBUG_INFORMATION_FORMAT = "dwarf-with-dsym";
				ENABLE_NS_ASSERTIONS = NO;
				ENABLE_STRICT_OBJC_MSGSEND = YES;
				ENABLE_USER_SCRIPT_SANDBOXING = YES;
				GCC_C_LANGUAGE_STANDARD = gnu17;
				GCC_NO_COMMON_BLOCKS = YES;
				GCC_WARN_64_TO_32_BIT_CONVERSION = YES;
				GCC_WARN_ABOUT_RETURN_TYPE = YES_ERROR;
				GCC_WARN_UNDECLARED_SELECTOR = YES;
				GCC_WARN_UNINITIALIZED_AUTOS = YES_AGGRESSIVE;
				GCC_WARN_UNUSED_FUNCTION = YES;
				GCC_WARN_UNUSED_VARIABLE = YES;
				LOCALIZATION_PREFERS_STRING_CATALOGS = YES;
				MACOSX_DEPLOYMENT_TARGET = 15.0;
				MTL_ENABLE_DEBUG_INFO = NO;
				MTL_FAST_MATH = YES;
				SDKROOT = macosx;
				SWIFT_COMPILATION_MODE = wholemodule;
			};
			name = Release;
		};
		58A40D8C2D094925002B5165 /* Debug */ = {
			isa = XCBuildConfiguration;
			buildSettings = {
				ASSETCATALOG_COMPILER_APPICON_NAME = "AppIcon Dark-Mode";
				"ASSETCATALOG_COMPILER_APPICON_NAME[sdk=macosx*]" = "AppIcon Dark-Mode";
				ASSETCATALOG_COMPILER_GLOBAL_ACCENT_COLOR_NAME = AccentColor;
				ASSETCATALOG_COMPILER_INCLUDE_ALL_APPICON_ASSETS = YES;
				CODE_SIGN_ENTITLEMENTS = "Notchly/Xcode Stuff/Notchly.entitlements";
				"CODE_SIGN_IDENTITY[sdk=macosx*]" = "-";
				CODE_SIGN_STYLE = Automatic;
				COMBINE_HIDPI_IMAGES = YES;
				CURRENT_PROJECT_VERSION = 1;
				DEVELOPMENT_ASSET_PATHS = "\"Notchly/Xcode Stuff/Preview Content\"";
				DEVELOPMENT_TEAM = "";
				ENABLE_HARDENED_RUNTIME = YES;
				ENABLE_PREVIEWS = YES;
				GENERATE_INFOPLIST_FILE = YES;
				INFOPLIST_FILE = "Notchly/Xcode Stuff/Info.plist";
				INFOPLIST_KEY_LSApplicationCategoryType = "public.app-category.productivity";
				INFOPLIST_KEY_NSAppleEventsUsageDescription = "Notchly needs access to control media playback (Play/Pause/Skip)";
				INFOPLIST_KEY_NSAppleMusicUsageDescription = "Notchly need access to media playback data to display a real-time control pane";
				INFOPLIST_KEY_NSHumanReadableCopyright = "";
				INFOPLIST_KEY_NSSupportsLiveActivitiesFrequentUpdates = YES;
				INFOPLIST_KEY_NSSystemAdministrationUsageDescription = "Notchly needs access to control media playback and detect now-playing applications.";
				LD_RUNPATH_SEARCH_PATHS = (
					"$(inherited)",
					"@executable_path/../Frameworks",
				);
				MACOSX_DEPLOYMENT_TARGET = 15.0;
				MARKETING_VERSION = 1.0;
				PRODUCT_BUNDLE_IDENTIFIER = com.apple.Notchly;
				PRODUCT_NAME = "$(TARGET_NAME)";
				SWIFT_EMIT_LOC_STRINGS = YES;
				SWIFT_OBJC_BRIDGING_HEADER = "Notchly/Notchly-Bridging-Header.h";
				SWIFT_VERSION = 5.0;
				SYSTEM_FRAMEWORK_SEARCH_PATHS = (
					"$(inherited)",
					"$(SYSTEM_LIBRARY_DIR)/PrivateFrameworks",
				);
			};
			name = Debug;
		};
		58A40D8D2D094925002B5165 /* Release */ = {
			isa = XCBuildConfiguration;
			buildSettings = {
				ASSETCATALOG_COMPILER_APPICON_NAME = "AppIcon Dark-Mode";
				"ASSETCATALOG_COMPILER_APPICON_NAME[sdk=macosx*]" = "AppIcon Dark-Mode";
				ASSETCATALOG_COMPILER_GLOBAL_ACCENT_COLOR_NAME = AccentColor;
				ASSETCATALOG_COMPILER_INCLUDE_ALL_APPICON_ASSETS = YES;
				CODE_SIGN_ENTITLEMENTS = "Notchly/Xcode Stuff/Notchly.entitlements";
				"CODE_SIGN_IDENTITY[sdk=macosx*]" = "-";
				CODE_SIGN_STYLE = Automatic;
				COMBINE_HIDPI_IMAGES = YES;
				CURRENT_PROJECT_VERSION = 1;
				DEVELOPMENT_ASSET_PATHS = "\"Notchly/Xcode Stuff/Preview Content\"";
				DEVELOPMENT_TEAM = "";
				ENABLE_HARDENED_RUNTIME = YES;
				ENABLE_PREVIEWS = YES;
				GENERATE_INFOPLIST_FILE = YES;
				INFOPLIST_FILE = "Notchly/Xcode Stuff/Info.plist";
				INFOPLIST_KEY_LSApplicationCategoryType = "public.app-category.productivity";
				INFOPLIST_KEY_NSAppleEventsUsageDescription = "Notchly needs access to control media playback (Play/Pause/Skip)";
				INFOPLIST_KEY_NSAppleMusicUsageDescription = "Notchly need access to media playback data to display a real-time control pane";
				INFOPLIST_KEY_NSHumanReadableCopyright = "";
				INFOPLIST_KEY_NSSupportsLiveActivitiesFrequentUpdates = YES;
				INFOPLIST_KEY_NSSystemAdministrationUsageDescription = "Notchly needs access to control media playback and detect now-playing applications.";
				LD_RUNPATH_SEARCH_PATHS = (
					"$(inherited)",
					"@executable_path/../Frameworks",
				);
				MACOSX_DEPLOYMENT_TARGET = 15.0;
				MARKETING_VERSION = 1.0;
				PRODUCT_BUNDLE_IDENTIFIER = com.apple.Notchly;
				PRODUCT_NAME = "$(TARGET_NAME)";
				SWIFT_EMIT_LOC_STRINGS = YES;
				SWIFT_OBJC_BRIDGING_HEADER = "Notchly/Notchly-Bridging-Header.h";
				SWIFT_VERSION = 5.0;
				SYSTEM_FRAMEWORK_SEARCH_PATHS = (
					"$(inherited)",
					"$(SYSTEM_LIBRARY_DIR)/PrivateFrameworks",
				);
			};
			name = Release;
		};
		58A40D8F2D094925002B5165 /* Debug */ = {
			isa = XCBuildConfiguration;
			buildSettings = {
				BUNDLE_LOADER = "$(TEST_HOST)";
				CODE_SIGN_STYLE = Automatic;
				CURRENT_PROJECT_VERSION = 1;
				DEVELOPMENT_TEAM = KSV8764PQK;
				GENERATE_INFOPLIST_FILE = YES;
				MACOSX_DEPLOYMENT_TARGET = 15.3;
				MARKETING_VERSION = 1.0;
				PRODUCT_BUNDLE_IDENTIFIER = com.apple.NotchlyTests;
				PRODUCT_NAME = "$(TARGET_NAME)";
				SWIFT_EMIT_LOC_STRINGS = NO;
				SWIFT_VERSION = 5.0;
				TEST_HOST = "$(BUILT_PRODUCTS_DIR)/Notchly.app/$(BUNDLE_EXECUTABLE_FOLDER_PATH)/Notchly";
			};
			name = Debug;
		};
		58A40D902D094925002B5165 /* Release */ = {
			isa = XCBuildConfiguration;
			buildSettings = {
				BUNDLE_LOADER = "$(TEST_HOST)";
				CODE_SIGN_STYLE = Automatic;
				CURRENT_PROJECT_VERSION = 1;
				DEVELOPMENT_TEAM = KSV8764PQK;
				GENERATE_INFOPLIST_FILE = YES;
				MACOSX_DEPLOYMENT_TARGET = 15.3;
				MARKETING_VERSION = 1.0;
				PRODUCT_BUNDLE_IDENTIFIER = com.apple.NotchlyTests;
				PRODUCT_NAME = "$(TARGET_NAME)";
				SWIFT_EMIT_LOC_STRINGS = NO;
				SWIFT_VERSION = 5.0;
				TEST_HOST = "$(BUILT_PRODUCTS_DIR)/Notchly.app/$(BUNDLE_EXECUTABLE_FOLDER_PATH)/Notchly";
			};
			name = Release;
		};
		58A40D922D094925002B5165 /* Debug */ = {
			isa = XCBuildConfiguration;
			buildSettings = {
				CODE_SIGN_STYLE = Automatic;
				CURRENT_PROJECT_VERSION = 1;
				DEVELOPMENT_TEAM = KSV8764PQK;
				GENERATE_INFOPLIST_FILE = YES;
				MARKETING_VERSION = 1.0;
				PRODUCT_BUNDLE_IDENTIFIER = com.apple.NotchlyUITests;
				PRODUCT_NAME = "$(TARGET_NAME)";
				SWIFT_EMIT_LOC_STRINGS = NO;
				SWIFT_VERSION = 5.0;
				TEST_TARGET_NAME = Notchly;
			};
			name = Debug;
		};
		58A40D932D094925002B5165 /* Release */ = {
			isa = XCBuildConfiguration;
			buildSettings = {
				CODE_SIGN_STYLE = Automatic;
				CURRENT_PROJECT_VERSION = 1;
				DEVELOPMENT_TEAM = KSV8764PQK;
				GENERATE_INFOPLIST_FILE = YES;
				MARKETING_VERSION = 1.0;
				PRODUCT_BUNDLE_IDENTIFIER = com.apple.NotchlyUITests;
				PRODUCT_NAME = "$(TARGET_NAME)";
				SWIFT_EMIT_LOC_STRINGS = NO;
				SWIFT_VERSION = 5.0;
				TEST_TARGET_NAME = Notchly;
			};
			name = Release;
		};
/* End XCBuildConfiguration section */

/* Begin XCConfigurationList section */
		58A40D612D094923002B5165 /* Build configuration list for PBXProject "Notchly" */ = {
			isa = XCConfigurationList;
			buildConfigurations = (
				58A40D892D094925002B5165 /* Debug */,
				58A40D8A2D094925002B5165 /* Release */,
			);
			defaultConfigurationIsVisible = 0;
			defaultConfigurationName = Release;
		};
		58A40D8B2D094925002B5165 /* Build configuration list for PBXNativeTarget "Notchly" */ = {
			isa = XCConfigurationList;
			buildConfigurations = (
				58A40D8C2D094925002B5165 /* Debug */,
				58A40D8D2D094925002B5165 /* Release */,
			);
			defaultConfigurationIsVisible = 0;
			defaultConfigurationName = Release;
		};
		58A40D8E2D094925002B5165 /* Build configuration list for PBXNativeTarget "NotchlyTests" */ = {
			isa = XCConfigurationList;
			buildConfigurations = (
				58A40D8F2D094925002B5165 /* Debug */,
				58A40D902D094925002B5165 /* Release */,
			);
			defaultConfigurationIsVisible = 0;
			defaultConfigurationName = Release;
		};
		58A40D912D094925002B5165 /* Build configuration list for PBXNativeTarget "NotchlyUITests" */ = {
			isa = XCConfigurationList;
			buildConfigurations = (
				58A40D922D094925002B5165 /* Debug */,
				58A40D932D094925002B5165 /* Release */,
			);
			defaultConfigurationIsVisible = 0;
			defaultConfigurationName = Release;
		};
/* End XCConfigurationList section */

/* Begin XCRemoteSwiftPackageReference section */
		588330422D79704C006251C1 /* XCRemoteSwiftPackageReference "FeedKit" */ = {
			isa = XCRemoteSwiftPackageReference;
			repositoryURL = "https://github.com/nmdias/FeedKit.git";
			requirement = {
				kind = upToNextMajorVersion;
				minimumVersion = 9.1.2;
			};
		};
		58C97B8C2D45F3D2006FFC06 /* XCRemoteSwiftPackageReference "swift-collections" */ = {
			isa = XCRemoteSwiftPackageReference;
			repositoryURL = "https://github.com/apple/swift-collections.git";
			requirement = {
				kind = upToNextMajorVersion;
				minimumVersion = 1.1.4;
			};
		};
/* End XCRemoteSwiftPackageReference section */

/* Begin XCSwiftPackageProductDependency section */
		588330432D79704C006251C1 /* FeedKit */ = {
			isa = XCSwiftPackageProductDependency;
			package = 588330422D79704C006251C1 /* XCRemoteSwiftPackageReference "FeedKit" */;
			productName = FeedKit;
		};
		58C97B8D2D45F3D2006FFC06 /* BitCollections */ = {
			isa = XCSwiftPackageProductDependency;
			package = 58C97B8C2D45F3D2006FFC06 /* XCRemoteSwiftPackageReference "swift-collections" */;
			productName = BitCollections;
		};
		58C97B8F2D45F3D2006FFC06 /* Collections */ = {
			isa = XCSwiftPackageProductDependency;
			package = 58C97B8C2D45F3D2006FFC06 /* XCRemoteSwiftPackageReference "swift-collections" */;
			productName = Collections;
		};
		58C97B912D45F3D2006FFC06 /* DequeModule */ = {
			isa = XCSwiftPackageProductDependency;
			package = 58C97B8C2D45F3D2006FFC06 /* XCRemoteSwiftPackageReference "swift-collections" */;
			productName = DequeModule;
		};
		58C97B932D45F3D2006FFC06 /* HashTreeCollections */ = {
			isa = XCSwiftPackageProductDependency;
			package = 58C97B8C2D45F3D2006FFC06 /* XCRemoteSwiftPackageReference "swift-collections" */;
			productName = HashTreeCollections;
		};
		58C97B952D45F3D2006FFC06 /* HeapModule */ = {
			isa = XCSwiftPackageProductDependency;
			package = 58C97B8C2D45F3D2006FFC06 /* XCRemoteSwiftPackageReference "swift-collections" */;
			productName = HeapModule;
		};
/* End XCSwiftPackageProductDependency section */
	};
	rootObject = 58A40D5E2D094923002B5165 /* Project object */;
}
